// !$*UTF8*$!
{
	archiveVersion = 1;
	classes = {
	};
	objectVersion = 50;
	objects = {

/* Begin PBXBuildFile section */
		5E1893C321A2BAC600184ED6 /* MoviesCoreDataProvider.swift in Sources */ = {isa = PBXBuildFile; fileRef = 5E1893C221A2BAC600184ED6 /* MoviesCoreDataProvider.swift */; };
		5E25405B218F2CF3008A14B6 /* AppDelegate.swift in Sources */ = {isa = PBXBuildFile; fileRef = 5E25405A218F2CF3008A14B6 /* AppDelegate.swift */; };
		5E25405D218F2CF3008A14B6 /* MovieDetailViewController.swift in Sources */ = {isa = PBXBuildFile; fileRef = 5E25405C218F2CF3008A14B6 /* MovieDetailViewController.swift */; };
		5E254060218F2CF3008A14B6 /* Main.storyboard in Resources */ = {isa = PBXBuildFile; fileRef = 5E25405E218F2CF3008A14B6 /* Main.storyboard */; };
		5E254062218F2CF4008A14B6 /* Assets.xcassets in Resources */ = {isa = PBXBuildFile; fileRef = 5E254061218F2CF4008A14B6 /* Assets.xcassets */; };
		5E254065218F2CF4008A14B6 /* LaunchScreen.storyboard in Resources */ = {isa = PBXBuildFile; fileRef = 5E254063218F2CF4008A14B6 /* LaunchScreen.storyboard */; };
		5E254070218F30FA008A14B6 /* MovieTableViewCell.swift in Sources */ = {isa = PBXBuildFile; fileRef = 5E25406F218F30FA008A14B6 /* MovieTableViewCell.swift */; };
		5E254075218F3136008A14B6 /* MoviesPromoTableViewCell.swift in Sources */ = {isa = PBXBuildFile; fileRef = 5E254074218F3136008A14B6 /* MoviesPromoTableViewCell.swift */; };
		5E254077218F3176008A14B6 /* MoviesTableViewController.swift in Sources */ = {isa = PBXBuildFile; fileRef = 5E254076218F3176008A14B6 /* MoviesTableViewController.swift */; };
		5E25407B218F3458008A14B6 /* MovieItemCollectionViewCell.swift in Sources */ = {isa = PBXBuildFile; fileRef = 5E25407A218F3458008A14B6 /* MovieItemCollectionViewCell.swift */; };
		5E254080218F71E3008A14B6 /* Movies.xcdatamodeld in Sources */ = {isa = PBXBuildFile; fileRef = 5E25407E218F71E3008A14B6 /* Movies.xcdatamodeld */; };
		5E254082218F72D4008A14B6 /* CoreDataManager.swift in Sources */ = {isa = PBXBuildFile; fileRef = 5E254081218F72D4008A14B6 /* CoreDataManager.swift */; };
		5E254085218F73C6008A14B6 /* CoreData.framework in Frameworks */ = {isa = PBXBuildFile; fileRef = 5E254084218F73C6008A14B6 /* CoreData.framework */; };
		5E254089218F745C008A14B6 /* DataProvider.swift in Sources */ = {isa = PBXBuildFile; fileRef = 5E254088218F745C008A14B6 /* DataProvider.swift */; };
		5E25408D218F85CC008A14B6 /* RatingView.swift in Sources */ = {isa = PBXBuildFile; fileRef = 5E25408C218F85CC008A14B6 /* RatingView.swift */; };
		5E25408F218FB791008A14B6 /* CustomView.swift in Sources */ = {isa = PBXBuildFile; fileRef = 5E25408E218FB791008A14B6 /* CustomView.swift */; };
		5EC4231521925AD900913A49 /* RegisterEditMovieViewController.swift in Sources */ = {isa = PBXBuildFile; fileRef = 5EC4231421925AD900913A49 /* RegisterEditMovieViewController.swift */; };
		5EEACA71219F7885003218ED /* Settings.bundle in Resources */ = {isa = PBXBuildFile; fileRef = 5EEACA70219F7885003218ED /* Settings.bundle */; };
		5EEACA73219F7893003218ED /* UserSettingsManager.swift in Sources */ = {isa = PBXBuildFile; fileRef = 5EEACA72219F7893003218ED /* UserSettingsManager.swift */; };
		5EEACA75219F846E003218ED /* UserSettingsViewController.swift in Sources */ = {isa = PBXBuildFile; fileRef = 5EEACA74219F846E003218ED /* UserSettingsViewController.swift */; };
		5EEACA77219F8F92003218ED /* MoviesFileDataProvider.swift in Sources */ = {isa = PBXBuildFile; fileRef = 5EEACA76219F8F92003218ED /* MoviesFileDataProvider.swift */; };
		5EEACA79219F8F9E003218ED /* MovieFile.swift in Sources */ = {isa = PBXBuildFile; fileRef = 5EEACA78219F8F9E003218ED /* MovieFile.swift */; };
		5EEACA7B219F982C003218ED /* AVFoundation.framework in Frameworks */ = {isa = PBXBuildFile; fileRef = 5EEACA7A219F982C003218ED /* AVFoundation.framework */; };
		5EEACA7F219F9906003218ED /* TraillerService.swift in Sources */ = {isa = PBXBuildFile; fileRef = 5EEACA7E219F9906003218ED /* TraillerService.swift */; };
		5EEACA81219F99C0003218ED /* Network.swift in Sources */ = {isa = PBXBuildFile; fileRef = 5EEACA80219F99C0003218ED /* Network.swift */; };
		5EEACA83219F9EA4003218ED /* ItunesApiResponse.swift in Sources */ = {isa = PBXBuildFile; fileRef = 5EEACA82219F9EA4003218ED /* ItunesApiResponse.swift */; };
		5EEACA85219FA0FD003218ED /* UIViewController+Alert.swift in Sources */ = {isa = PBXBuildFile; fileRef = 5EEACA84219FA0FD003218ED /* UIViewController+Alert.swift */; };
		5EEACA87219FA68C003218ED /* UIImage+Resize.swift in Sources */ = {isa = PBXBuildFile; fileRef = 5EEACA86219FA68C003218ED /* UIImage+Resize.swift */; };
		5EEACA89219FB32E003218ED /* UIViewController+Settings.swift in Sources */ = {isa = PBXBuildFile; fileRef = 5EEACA88219FB32E003218ED /* UIViewController+Settings.swift */; };
		5EF574B6219DC4B500F0F190 /* UIViewController+CoreData.swift in Sources */ = {isa = PBXBuildFile; fileRef = 5EF574B5219DC4B500F0F190 /* UIViewController+CoreData.swift */; };
		5EF574B8219DC4D400F0F190 /* String+Trim.swift in Sources */ = {isa = PBXBuildFile; fileRef = 5EF574B7219DC4D400F0F190 /* String+Trim.swift */; };
		5EF574BA219DC4F200F0F190 /* Movie+Image.swift in Sources */ = {isa = PBXBuildFile; fileRef = 5EF574B9219DC4F200F0F190 /* Movie+Image.swift */; };
		5EF574BC219DC57E00F0F190 /* Movie+Properties.swift in Sources */ = {isa = PBXBuildFile; fileRef = 5EF574BB219DC57E00F0F190 /* Movie+Properties.swift */; };
		5EF574BE219E0A3000F0F190 /* MovieCategoryCollectionViewCell.swift in Sources */ = {isa = PBXBuildFile; fileRef = 5EF574BD219E0A3000F0F190 /* MovieCategoryCollectionViewCell.swift */; };
		5EF574C0219E2EC200F0F190 /* UserNotifications.framework in Frameworks */ = {isa = PBXBuildFile; fileRef = 5EF574BF219E2EC200F0F190 /* UserNotifications.framework */; };
		5EF574C2219E33FE00F0F190 /* Date+Formatter.swift in Sources */ = {isa = PBXBuildFile; fileRef = 5EF574C1219E33FE00F0F190 /* Date+Formatter.swift */; };
		5EF574C4219E4D6E00F0F190 /* UIViewController+DefaultColor.swift in Sources */ = {isa = PBXBuildFile; fileRef = 5EF574C3219E4D6E00F0F190 /* UIViewController+DefaultColor.swift */; };
/* End PBXBuildFile section */

/* Begin PBXFileReference section */
		5E1893C221A2BAC600184ED6 /* MoviesCoreDataProvider.swift */ = {isa = PBXFileReference; lastKnownFileType = sourcecode.swift; path = MoviesCoreDataProvider.swift; sourceTree = "<group>"; };
		5E254057218F2CF3008A14B6 /* Movies.app */ = {isa = PBXFileReference; explicitFileType = wrapper.application; includeInIndex = 0; path = Movies.app; sourceTree = BUILT_PRODUCTS_DIR; };
		5E25405A218F2CF3008A14B6 /* AppDelegate.swift */ = {isa = PBXFileReference; lastKnownFileType = sourcecode.swift; path = AppDelegate.swift; sourceTree = "<group>"; };
		5E25405C218F2CF3008A14B6 /* MovieDetailViewController.swift */ = {isa = PBXFileReference; lastKnownFileType = sourcecode.swift; path = MovieDetailViewController.swift; sourceTree = "<group>"; };
		5E25405F218F2CF3008A14B6 /* Base */ = {isa = PBXFileReference; lastKnownFileType = file.storyboard; name = Base; path = Base.lproj/Main.storyboard; sourceTree = "<group>"; };
		5E254061218F2CF4008A14B6 /* Assets.xcassets */ = {isa = PBXFileReference; lastKnownFileType = folder.assetcatalog; path = Assets.xcassets; sourceTree = "<group>"; };
		5E254064218F2CF4008A14B6 /* Base */ = {isa = PBXFileReference; lastKnownFileType = file.storyboard; name = Base; path = Base.lproj/LaunchScreen.storyboard; sourceTree = "<group>"; };
		5E254066218F2CF4008A14B6 /* Info.plist */ = {isa = PBXFileReference; lastKnownFileType = text.plist.xml; path = Info.plist; sourceTree = "<group>"; };
		5E25406F218F30FA008A14B6 /* MovieTableViewCell.swift */ = {isa = PBXFileReference; lastKnownFileType = sourcecode.swift; path = MovieTableViewCell.swift; sourceTree = "<group>"; };
		5E254074218F3136008A14B6 /* MoviesPromoTableViewCell.swift */ = {isa = PBXFileReference; lastKnownFileType = sourcecode.swift; path = MoviesPromoTableViewCell.swift; sourceTree = "<group>"; };
		5E254076218F3176008A14B6 /* MoviesTableViewController.swift */ = {isa = PBXFileReference; lastKnownFileType = sourcecode.swift; path = MoviesTableViewController.swift; sourceTree = "<group>"; };
		5E25407A218F3458008A14B6 /* MovieItemCollectionViewCell.swift */ = {isa = PBXFileReference; lastKnownFileType = sourcecode.swift; path = MovieItemCollectionViewCell.swift; sourceTree = "<group>"; };
		5E25407F218F71E3008A14B6 /* Movies.xcdatamodel */ = {isa = PBXFileReference; lastKnownFileType = wrapper.xcdatamodel; path = Movies.xcdatamodel; sourceTree = "<group>"; };
		5E254081218F72D4008A14B6 /* CoreDataManager.swift */ = {isa = PBXFileReference; lastKnownFileType = sourcecode.swift; path = CoreDataManager.swift; sourceTree = "<group>"; };
		5E254084218F73C6008A14B6 /* CoreData.framework */ = {isa = PBXFileReference; lastKnownFileType = wrapper.framework; name = CoreData.framework; path = System/Library/Frameworks/CoreData.framework; sourceTree = SDKROOT; };
		5E254088218F745C008A14B6 /* DataProvider.swift */ = {isa = PBXFileReference; lastKnownFileType = sourcecode.swift; path = DataProvider.swift; sourceTree = "<group>"; };
		5E25408C218F85CC008A14B6 /* RatingView.swift */ = {isa = PBXFileReference; lastKnownFileType = sourcecode.swift; path = RatingView.swift; sourceTree = "<group>"; };
		5E25408E218FB791008A14B6 /* CustomView.swift */ = {isa = PBXFileReference; lastKnownFileType = sourcecode.swift; path = CustomView.swift; sourceTree = "<group>"; };
		5EC4231421925AD900913A49 /* RegisterEditMovieViewController.swift */ = {isa = PBXFileReference; lastKnownFileType = sourcecode.swift; path = RegisterEditMovieViewController.swift; sourceTree = "<group>"; };
		5EEACA70219F7885003218ED /* Settings.bundle */ = {isa = PBXFileReference; lastKnownFileType = "wrapper.plug-in"; path = Settings.bundle; sourceTree = "<group>"; };
		5EEACA72219F7893003218ED /* UserSettingsManager.swift */ = {isa = PBXFileReference; lastKnownFileType = sourcecode.swift; path = UserSettingsManager.swift; sourceTree = "<group>"; };
		5EEACA74219F846E003218ED /* UserSettingsViewController.swift */ = {isa = PBXFileReference; lastKnownFileType = sourcecode.swift; path = UserSettingsViewController.swift; sourceTree = "<group>"; };
		5EEACA76219F8F92003218ED /* MoviesFileDataProvider.swift */ = {isa = PBXFileReference; fileEncoding = 4; lastKnownFileType = sourcecode.swift; path = MoviesFileDataProvider.swift; sourceTree = "<group>"; };
		5EEACA78219F8F9E003218ED /* MovieFile.swift */ = {isa = PBXFileReference; fileEncoding = 4; lastKnownFileType = sourcecode.swift; path = MovieFile.swift; sourceTree = "<group>"; };
		5EEACA7A219F982C003218ED /* AVFoundation.framework */ = {isa = PBXFileReference; lastKnownFileType = wrapper.framework; name = AVFoundation.framework; path = System/Library/Frameworks/AVFoundation.framework; sourceTree = SDKROOT; };
		5EEACA7E219F9906003218ED /* TraillerService.swift */ = {isa = PBXFileReference; lastKnownFileType = sourcecode.swift; path = TraillerService.swift; sourceTree = "<group>"; };
		5EEACA80219F99C0003218ED /* Network.swift */ = {isa = PBXFileReference; lastKnownFileType = sourcecode.swift; path = Network.swift; sourceTree = "<group>"; };
		5EEACA82219F9EA4003218ED /* ItunesApiResponse.swift */ = {isa = PBXFileReference; lastKnownFileType = sourcecode.swift; path = ItunesApiResponse.swift; sourceTree = "<group>"; };
		5EEACA84219FA0FD003218ED /* UIViewController+Alert.swift */ = {isa = PBXFileReference; lastKnownFileType = sourcecode.swift; path = "UIViewController+Alert.swift"; sourceTree = "<group>"; };
		5EEACA86219FA68C003218ED /* UIImage+Resize.swift */ = {isa = PBXFileReference; lastKnownFileType = sourcecode.swift; path = "UIImage+Resize.swift"; sourceTree = "<group>"; };
		5EEACA88219FB32E003218ED /* UIViewController+Settings.swift */ = {isa = PBXFileReference; lastKnownFileType = sourcecode.swift; path = "UIViewController+Settings.swift"; sourceTree = "<group>"; };
		5EF574B5219DC4B500F0F190 /* UIViewController+CoreData.swift */ = {isa = PBXFileReference; lastKnownFileType = sourcecode.swift; path = "UIViewController+CoreData.swift"; sourceTree = "<group>"; };
		5EF574B7219DC4D400F0F190 /* String+Trim.swift */ = {isa = PBXFileReference; lastKnownFileType = sourcecode.swift; path = "String+Trim.swift"; sourceTree = "<group>"; };
		5EF574B9219DC4F200F0F190 /* Movie+Image.swift */ = {isa = PBXFileReference; lastKnownFileType = sourcecode.swift; path = "Movie+Image.swift"; sourceTree = "<group>"; };
		5EF574BB219DC57E00F0F190 /* Movie+Properties.swift */ = {isa = PBXFileReference; lastKnownFileType = sourcecode.swift; path = "Movie+Properties.swift"; sourceTree = "<group>"; };
		5EF574BD219E0A3000F0F190 /* MovieCategoryCollectionViewCell.swift */ = {isa = PBXFileReference; lastKnownFileType = sourcecode.swift; path = MovieCategoryCollectionViewCell.swift; sourceTree = "<group>"; };
		5EF574BF219E2EC200F0F190 /* UserNotifications.framework */ = {isa = PBXFileReference; lastKnownFileType = wrapper.framework; name = UserNotifications.framework; path = System/Library/Frameworks/UserNotifications.framework; sourceTree = SDKROOT; };
		5EF574C1219E33FE00F0F190 /* Date+Formatter.swift */ = {isa = PBXFileReference; lastKnownFileType = sourcecode.swift; path = "Date+Formatter.swift"; sourceTree = "<group>"; };
		5EF574C3219E4D6E00F0F190 /* UIViewController+DefaultColor.swift */ = {isa = PBXFileReference; lastKnownFileType = sourcecode.swift; path = "UIViewController+DefaultColor.swift"; sourceTree = "<group>"; };
/* End PBXFileReference section */

/* Begin PBXFrameworksBuildPhase section */
		5E254054218F2CF3008A14B6 /* Frameworks */ = {
			isa = PBXFrameworksBuildPhase;
			buildActionMask = 2147483647;
			files = (
				5EEACA7B219F982C003218ED /* AVFoundation.framework in Frameworks */,
				5EF574C0219E2EC200F0F190 /* UserNotifications.framework in Frameworks */,
				5E254085218F73C6008A14B6 /* CoreData.framework in Frameworks */,
			);
			runOnlyForDeploymentPostprocessing = 0;
		};
/* End PBXFrameworksBuildPhase section */

/* Begin PBXGroup section */
		5E1893BE21A2B92600184ED6 /* List */ = {
			isa = PBXGroup;
			children = (
				5EEACA76219F8F92003218ED /* MoviesFileDataProvider.swift */,
				5E25406F218F30FA008A14B6 /* MovieTableViewCell.swift */,
				5E254074218F3136008A14B6 /* MoviesPromoTableViewCell.swift */,
				5E25407A218F3458008A14B6 /* MovieItemCollectionViewCell.swift */,
				5EF574BD219E0A3000F0F190 /* MovieCategoryCollectionViewCell.swift */,
				5E254076218F3176008A14B6 /* MoviesTableViewController.swift */,
				5EEACA78219F8F9E003218ED /* MovieFile.swift */,
				5E1893C221A2BAC600184ED6 /* MoviesCoreDataProvider.swift */,
			);
			path = List;
			sourceTree = "<group>";
		};
		5E1893BF21A2B92E00184ED6 /* RegisterEdit */ = {
			isa = PBXGroup;
			children = (
				5EC4231421925AD900913A49 /* RegisterEditMovieViewController.swift */,
			);
			path = RegisterEdit;
			sourceTree = "<group>";
		};
		5E1893C021A2B93800184ED6 /* Details */ = {
			isa = PBXGroup;
			children = (
				5EEACA7E219F9906003218ED /* TraillerService.swift */,
				5E25405C218F2CF3008A14B6 /* MovieDetailViewController.swift */,
				5EEACA82219F9EA4003218ED /* ItunesApiResponse.swift */,
			);
			path = Details;
			sourceTree = "<group>";
		};
		5E25404E218F2CF3008A14B6 = {
			isa = PBXGroup;
			children = (
				5E254059218F2CF3008A14B6 /* Movies */,
				5E254058218F2CF3008A14B6 /* Products */,
				5E254083218F73C6008A14B6 /* Frameworks */,
			);
			sourceTree = "<group>";
		};
		5E254058218F2CF3008A14B6 /* Products */ = {
			isa = PBXGroup;
			children = (
				5E254057218F2CF3008A14B6 /* Movies.app */,
			);
			name = Products;
			sourceTree = "<group>";
		};
		5E254059218F2CF3008A14B6 /* Movies */ = {
			isa = PBXGroup;
			children = (
				5E1893C021A2B93800184ED6 /* Details */,
				5E1893BF21A2B92E00184ED6 /* RegisterEdit */,
				5E1893BE21A2B92600184ED6 /* List */,
				5EEACA7D219F98F3003218ED /* Service */,
				5EEACA6F219F7879003218ED /* Settings */,
				5EF574B4219DC4A800F0F190 /* Extension */,
				5E25407C218F71C4008A14B6 /* CoreData */,
				5E254079218F3218008A14B6 /* Protocol */,
				5E25406D218F2D2F008A14B6 /* View */,
				5E25406C218F2D0D008A14B6 /* Resources */,
				5E25405A218F2CF3008A14B6 /* AppDelegate.swift */,
			);
			path = Movies;
			sourceTree = "<group>";
		};
		5E25406C218F2D0D008A14B6 /* Resources */ = {
			isa = PBXGroup;
			children = (
				5E254066218F2CF4008A14B6 /* Info.plist */,
				5E254061218F2CF4008A14B6 /* Assets.xcassets */,
			);
			path = Resources;
			sourceTree = "<group>";
		};
		5E25406D218F2D2F008A14B6 /* View */ = {
			isa = PBXGroup;
			children = (
				5E25405E218F2CF3008A14B6 /* Main.storyboard */,
				5E254063218F2CF4008A14B6 /* LaunchScreen.storyboard */,
				5E25408C218F85CC008A14B6 /* RatingView.swift */,
				5E25408E218FB791008A14B6 /* CustomView.swift */,
			);
			path = View;
			sourceTree = "<group>";
		};
		5E254079218F3218008A14B6 /* Protocol */ = {
			isa = PBXGroup;
			children = (
				5E254088218F745C008A14B6 /* DataProvider.swift */,
			);
			path = Protocol;
			sourceTree = "<group>";
		};
		5E25407C218F71C4008A14B6 /* CoreData */ = {
			isa = PBXGroup;
			children = (
				5E25407E218F71E3008A14B6 /* Movies.xcdatamodeld */,
				5E254081218F72D4008A14B6 /* CoreDataManager.swift */,
			);
			path = CoreData;
			sourceTree = "<group>";
		};
		5E254083218F73C6008A14B6 /* Frameworks */ = {
			isa = PBXGroup;
			children = (
				5EEACA7A219F982C003218ED /* AVFoundation.framework */,
				5EF574BF219E2EC200F0F190 /* UserNotifications.framework */,
				5E254084218F73C6008A14B6 /* CoreData.framework */,
			);
			name = Frameworks;
			sourceTree = "<group>";
		};
		5EEACA6F219F7879003218ED /* Settings */ = {
			isa = PBXGroup;
			children = (
				5EEACA70219F7885003218ED /* Settings.bundle */,
				5EEACA72219F7893003218ED /* UserSettingsManager.swift */,
				5EEACA74219F846E003218ED /* UserSettingsViewController.swift */,
			);
			path = Settings;
			sourceTree = "<group>";
		};
		5EEACA7D219F98F3003218ED /* Service */ = {
			isa = PBXGroup;
			children = (
				5EEACA80219F99C0003218ED /* Network.swift */,
			);
			path = Service;
			sourceTree = "<group>";
		};
		5EF574B4219DC4A800F0F190 /* Extension */ = {
			isa = PBXGroup;
			children = (
				5EF574B5219DC4B500F0F190 /* UIViewController+CoreData.swift */,
				5EF574B7219DC4D400F0F190 /* String+Trim.swift */,
				5EF574B9219DC4F200F0F190 /* Movie+Image.swift */,
				5EF574BB219DC57E00F0F190 /* Movie+Properties.swift */,
				5EF574C1219E33FE00F0F190 /* Date+Formatter.swift */,
				5EF574C3219E4D6E00F0F190 /* UIViewController+DefaultColor.swift */,
				5EEACA84219FA0FD003218ED /* UIViewController+Alert.swift */,
				5EEACA86219FA68C003218ED /* UIImage+Resize.swift */,
				5EEACA88219FB32E003218ED /* UIViewController+Settings.swift */,
			);
			path = Extension;
			sourceTree = "<group>";
		};
/* End PBXGroup section */

/* Begin PBXNativeTarget section */
		5E254056218F2CF3008A14B6 /* Movies */ = {
			isa = PBXNativeTarget;
			buildConfigurationList = 5E254069218F2CF4008A14B6 /* Build configuration list for PBXNativeTarget "Movies" */;
			buildPhases = (
				5E254053218F2CF3008A14B6 /* Sources */,
				5E254054218F2CF3008A14B6 /* Frameworks */,
				5E254055218F2CF3008A14B6 /* Resources */,
			);
			buildRules = (
			);
			dependencies = (
			);
			name = Movies;
			productName = Movies;
			productReference = 5E254057218F2CF3008A14B6 /* Movies.app */;
			productType = "com.apple.product-type.application";
		};
/* End PBXNativeTarget section */

/* Begin PBXProject section */
		5E25404F218F2CF3008A14B6 /* Project object */ = {
			isa = PBXProject;
			attributes = {
				LastSwiftUpdateCheck = 1010;
				LastUpgradeCheck = 1010;
				ORGANIZATIONNAME = Movile;
				TargetAttributes = {
					5E254056218F2CF3008A14B6 = {
						CreatedOnToolsVersion = 10.1;
					};
				};
			};
			buildConfigurationList = 5E254052218F2CF3008A14B6 /* Build configuration list for PBXProject "Movies" */;
			compatibilityVersion = "Xcode 9.3";
			developmentRegion = en;
			hasScannedForEncodings = 0;
			knownRegions = (
				en,
				Base,
			);
			mainGroup = 5E25404E218F2CF3008A14B6;
			productRefGroup = 5E254058218F2CF3008A14B6 /* Products */;
			projectDirPath = "";
			projectRoot = "";
			targets = (
				5E254056218F2CF3008A14B6 /* Movies */,
			);
		};
/* End PBXProject section */

/* Begin PBXResourcesBuildPhase section */
		5E254055218F2CF3008A14B6 /* Resources */ = {
			isa = PBXResourcesBuildPhase;
			buildActionMask = 2147483647;
			files = (
				5EEACA71219F7885003218ED /* Settings.bundle in Resources */,
				5E254065218F2CF4008A14B6 /* LaunchScreen.storyboard in Resources */,
				5E254062218F2CF4008A14B6 /* Assets.xcassets in Resources */,
				5E254060218F2CF3008A14B6 /* Main.storyboard in Resources */,
			);
			runOnlyForDeploymentPostprocessing = 0;
		};
/* End PBXResourcesBuildPhase section */

/* Begin PBXSourcesBuildPhase section */
		5E254053218F2CF3008A14B6 /* Sources */ = {
			isa = PBXSourcesBuildPhase;
			buildActionMask = 2147483647;
			files = (
				5EF574B6219DC4B500F0F190 /* UIViewController+CoreData.swift in Sources */,
				5E254077218F3176008A14B6 /* MoviesTableViewController.swift in Sources */,
				5EF574B8219DC4D400F0F190 /* String+Trim.swift in Sources */,
				5EEACA83219F9EA4003218ED /* ItunesApiResponse.swift in Sources */,
				5EEACA79219F8F9E003218ED /* MovieFile.swift in Sources */,
				5EEACA73219F7893003218ED /* UserSettingsManager.swift in Sources */,
				5E254075218F3136008A14B6 /* MoviesPromoTableViewCell.swift in Sources */,
				5E25407B218F3458008A14B6 /* MovieItemCollectionViewCell.swift in Sources */,
				5E25408F218FB791008A14B6 /* CustomView.swift in Sources */,
				5EEACA89219FB32E003218ED /* UIViewController+Settings.swift in Sources */,
				5EEACA7F219F9906003218ED /* TraillerService.swift in Sources */,
				5E25405D218F2CF3008A14B6 /* MovieDetailViewController.swift in Sources */,
				5EEACA81219F99C0003218ED /* Network.swift in Sources */,
				5E25405B218F2CF3008A14B6 /* AppDelegate.swift in Sources */,
				5E1893C321A2BAC600184ED6 /* MoviesCoreDataProvider.swift in Sources */,
				5E254089218F745C008A14B6 /* DataProvider.swift in Sources */,
				5EF574BC219DC57E00F0F190 /* Movie+Properties.swift in Sources */,
				5EF574BA219DC4F200F0F190 /* Movie+Image.swift in Sources */,
				5EF574C4219E4D6E00F0F190 /* UIViewController+DefaultColor.swift in Sources */,
				5EF574BE219E0A3000F0F190 /* MovieCategoryCollectionViewCell.swift in Sources */,
				5EEACA85219FA0FD003218ED /* UIViewController+Alert.swift in Sources */,
				5E25408D218F85CC008A14B6 /* RatingView.swift in Sources */,
				5E254082218F72D4008A14B6 /* CoreDataManager.swift in Sources */,
				5EEACA87219FA68C003218ED /* UIImage+Resize.swift in Sources */,
				5EEACA75219F846E003218ED /* UserSettingsViewController.swift in Sources */,
				5EEACA77219F8F92003218ED /* MoviesFileDataProvider.swift in Sources */,
				5E254080218F71E3008A14B6 /* Movies.xcdatamodeld in Sources */,
				5EC4231521925AD900913A49 /* RegisterEditMovieViewController.swift in Sources */,
				5EF574C2219E33FE00F0F190 /* Date+Formatter.swift in Sources */,
				5E254070218F30FA008A14B6 /* MovieTableViewCell.swift in Sources */,
			);
			runOnlyForDeploymentPostprocessing = 0;
		};
/* End PBXSourcesBuildPhase section */

/* Begin PBXVariantGroup section */
		5E25405E218F2CF3008A14B6 /* Main.storyboard */ = {
			isa = PBXVariantGroup;
			children = (
				5E25405F218F2CF3008A14B6 /* Base */,
			);
			name = Main.storyboard;
			sourceTree = "<group>";
		};
		5E254063218F2CF4008A14B6 /* LaunchScreen.storyboard */ = {
			isa = PBXVariantGroup;
			children = (
				5E254064218F2CF4008A14B6 /* Base */,
			);
			name = LaunchScreen.storyboard;
			sourceTree = "<group>";
		};
/* End PBXVariantGroup section */

/* Begin XCBuildConfiguration section */
		5E254067218F2CF4008A14B6 /* Debug */ = {
			isa = XCBuildConfiguration;
			buildSettings = {
				ALWAYS_SEARCH_USER_PATHS = NO;
				CLANG_ANALYZER_NONNULL = YES;
				CLANG_ANALYZER_NUMBER_OBJECT_CONVERSION = YES_AGGRESSIVE;
				CLANG_CXX_LANGUAGE_STANDARD = "gnu++14";
				CLANG_CXX_LIBRARY = "libc++";
				CLANG_ENABLE_MODULES = YES;
				CLANG_ENABLE_OBJC_ARC = YES;
				CLANG_ENABLE_OBJC_WEAK = YES;
				CLANG_WARN_BLOCK_CAPTURE_AUTORELEASING = YES;
				CLANG_WARN_BOOL_CONVERSION = YES;
				CLANG_WARN_COMMA = YES;
				CLANG_WARN_CONSTANT_CONVERSION = YES;
				CLANG_WARN_DEPRECATED_OBJC_IMPLEMENTATIONS = YES;
				CLANG_WARN_DIRECT_OBJC_ISA_USAGE = YES_ERROR;
				CLANG_WARN_DOCUMENTATION_COMMENTS = YES;
				CLANG_WARN_EMPTY_BODY = YES;
				CLANG_WARN_ENUM_CONVERSION = YES;
				CLANG_WARN_INFINITE_RECURSION = YES;
				CLANG_WARN_INT_CONVERSION = YES;
				CLANG_WARN_NON_LITERAL_NULL_CONVERSION = YES;
				CLANG_WARN_OBJC_IMPLICIT_RETAIN_SELF = YES;
				CLANG_WARN_OBJC_LITERAL_CONVERSION = YES;
				CLANG_WARN_OBJC_ROOT_CLASS = YES_ERROR;
				CLANG_WARN_RANGE_LOOP_ANALYSIS = YES;
				CLANG_WARN_STRICT_PROTOTYPES = YES;
				CLANG_WARN_SUSPICIOUS_MOVE = YES;
				CLANG_WARN_UNGUARDED_AVAILABILITY = YES_AGGRESSIVE;
				CLANG_WARN_UNREACHABLE_CODE = YES;
				CLANG_WARN__DUPLICATE_METHOD_MATCH = YES;
				CODE_SIGN_IDENTITY = "iPhone Developer";
				COPY_PHASE_STRIP = NO;
				DEBUG_INFORMATION_FORMAT = dwarf;
				ENABLE_STRICT_OBJC_MSGSEND = YES;
				ENABLE_TESTABILITY = YES;
				GCC_C_LANGUAGE_STANDARD = gnu11;
				GCC_DYNAMIC_NO_PIC = NO;
				GCC_NO_COMMON_BLOCKS = YES;
				GCC_OPTIMIZATION_LEVEL = 0;
				GCC_PREPROCESSOR_DEFINITIONS = (
					"DEBUG=1",
					"$(inherited)",
				);
				GCC_WARN_64_TO_32_BIT_CONVERSION = YES;
				GCC_WARN_ABOUT_RETURN_TYPE = YES_ERROR;
				GCC_WARN_UNDECLARED_SELECTOR = YES;
				GCC_WARN_UNINITIALIZED_AUTOS = YES_AGGRESSIVE;
				GCC_WARN_UNUSED_FUNCTION = YES;
				GCC_WARN_UNUSED_VARIABLE = YES;
				IPHONEOS_DEPLOYMENT_TARGET = 12.1;
				MTL_ENABLE_DEBUG_INFO = INCLUDE_SOURCE;
				MTL_FAST_MATH = YES;
				ONLY_ACTIVE_ARCH = YES;
				SDKROOT = iphoneos;
				SWIFT_ACTIVE_COMPILATION_CONDITIONS = DEBUG;
				SWIFT_OPTIMIZATION_LEVEL = "-Onone";
			};
			name = Debug;
		};
		5E254068218F2CF4008A14B6 /* Release */ = {
			isa = XCBuildConfiguration;
			buildSettings = {
				ALWAYS_SEARCH_USER_PATHS = NO;
				CLANG_ANALYZER_NONNULL = YES;
				CLANG_ANALYZER_NUMBER_OBJECT_CONVERSION = YES_AGGRESSIVE;
				CLANG_CXX_LANGUAGE_STANDARD = "gnu++14";
				CLANG_CXX_LIBRARY = "libc++";
				CLANG_ENABLE_MODULES = YES;
				CLANG_ENABLE_OBJC_ARC = YES;
				CLANG_ENABLE_OBJC_WEAK = YES;
				CLANG_WARN_BLOCK_CAPTURE_AUTORELEASING = YES;
				CLANG_WARN_BOOL_CONVERSION = YES;
				CLANG_WARN_COMMA = YES;
				CLANG_WARN_CONSTANT_CONVERSION = YES;
				CLANG_WARN_DEPRECATED_OBJC_IMPLEMENTATIONS = YES;
				CLANG_WARN_DIRECT_OBJC_ISA_USAGE = YES_ERROR;
				CLANG_WARN_DOCUMENTATION_COMMENTS = YES;
				CLANG_WARN_EMPTY_BODY = YES;
				CLANG_WARN_ENUM_CONVERSION = YES;
				CLANG_WARN_INFINITE_RECURSION = YES;
				CLANG_WARN_INT_CONVERSION = YES;
				CLANG_WARN_NON_LITERAL_NULL_CONVERSION = YES;
				CLANG_WARN_OBJC_IMPLICIT_RETAIN_SELF = YES;
				CLANG_WARN_OBJC_LITERAL_CONVERSION = YES;
				CLANG_WARN_OBJC_ROOT_CLASS = YES_ERROR;
				CLANG_WARN_RANGE_LOOP_ANALYSIS = YES;
				CLANG_WARN_STRICT_PROTOTYPES = YES;
				CLANG_WARN_SUSPICIOUS_MOVE = YES;
				CLANG_WARN_UNGUARDED_AVAILABILITY = YES_AGGRESSIVE;
				CLANG_WARN_UNREACHABLE_CODE = YES;
				CLANG_WARN__DUPLICATE_METHOD_MATCH = YES;
				CODE_SIGN_IDENTITY = "iPhone Developer";
				COPY_PHASE_STRIP = NO;
				DEBUG_INFORMATION_FORMAT = "dwarf-with-dsym";
				ENABLE_NS_ASSERTIONS = NO;
				ENABLE_STRICT_OBJC_MSGSEND = YES;
				GCC_C_LANGUAGE_STANDARD = gnu11;
				GCC_NO_COMMON_BLOCKS = YES;
				GCC_WARN_64_TO_32_BIT_CONVERSION = YES;
				GCC_WARN_ABOUT_RETURN_TYPE = YES_ERROR;
				GCC_WARN_UNDECLARED_SELECTOR = YES;
				GCC_WARN_UNINITIALIZED_AUTOS = YES_AGGRESSIVE;
				GCC_WARN_UNUSED_FUNCTION = YES;
				GCC_WARN_UNUSED_VARIABLE = YES;
				IPHONEOS_DEPLOYMENT_TARGET = 12.1;
				MTL_ENABLE_DEBUG_INFO = NO;
				MTL_FAST_MATH = YES;
				SDKROOT = iphoneos;
				SWIFT_COMPILATION_MODE = wholemodule;
				SWIFT_OPTIMIZATION_LEVEL = "-O";
				VALIDATE_PRODUCT = YES;
			};
			name = Release;
		};
		5E25406A218F2CF4008A14B6 /* Debug */ = {
			isa = XCBuildConfiguration;
			buildSettings = {
				ASSETCATALOG_COMPILER_APPICON_NAME = AppIcon;
				CODE_SIGN_STYLE = Automatic;
				DEVELOPMENT_TEAM = YRTZUYMLE3;
				INFOPLIST_FILE = "$(SRCROOT)/Movies/Resources/Info.plist";
				IPHONEOS_DEPLOYMENT_TARGET = 12.0;
				LD_RUNPATH_SEARCH_PATHS = (
					"$(inherited)",
					"@executable_path/Frameworks",
				);
				PRODUCT_BUNDLE_IDENTIFIER = br.com.morbachrodrigo.Movies;
				PRODUCT_NAME = "$(TARGET_NAME)";
				SWIFT_VERSION = 4.2;
				TARGETED_DEVICE_FAMILY = "1,2";
			};
			name = Debug;
		};
		5E25406B218F2CF4008A14B6 /* Release */ = {
			isa = XCBuildConfiguration;
			buildSettings = {
				ASSETCATALOG_COMPILER_APPICON_NAME = AppIcon;
				CODE_SIGN_STYLE = Automatic;
				DEVELOPMENT_TEAM = YRTZUYMLE3;
				INFOPLIST_FILE = "$(SRCROOT)/Movies/Resources/Info.plist";
				IPHONEOS_DEPLOYMENT_TARGET = 12.0;
				LD_RUNPATH_SEARCH_PATHS = (
					"$(inherited)",
					"@executable_path/Frameworks",
				);
				PRODUCT_BUNDLE_IDENTIFIER = br.com.morbachrodrigo.Movies;
				PRODUCT_NAME = "$(TARGET_NAME)";
				SWIFT_VERSION = 4.2;
				TARGETED_DEVICE_FAMILY = "1,2";
			};
			name = Release;
		};
/* End XCBuildConfiguration section */

/* Begin XCConfigurationList section */
		5E254052218F2CF3008A14B6 /* Build configuration list for PBXProject "Movies" */ = {
			isa = XCConfigurationList;
			buildConfigurations = (
				5E254067218F2CF4008A14B6 /* Debug */,
				5E254068218F2CF4008A14B6 /* Release */,
			);
			defaultConfigurationIsVisible = 0;
			defaultConfigurationName = Release;
		};
		5E254069218F2CF4008A14B6 /* Build configuration list for PBXNativeTarget "Movies" */ = {
			isa = XCConfigurationList;
			buildConfigurations = (
				5E25406A218F2CF4008A14B6 /* Debug */,
				5E25406B218F2CF4008A14B6 /* Release */,
			);
			defaultConfigurationIsVisible = 0;
			defaultConfigurationName = Release;
		};
/* End XCConfigurationList section */

/* Begin XCVersionGroup section */
		5E25407E218F71E3008A14B6 /* Movies.xcdatamodeld */ = {
			isa = XCVersionGroup;
			children = (
				5E25407F218F71E3008A14B6 /* Movies.xcdatamodel */,
			);
			currentVersion = 5E25407F218F71E3008A14B6 /* Movies.xcdatamodel */;
			path = Movies.xcdatamodeld;
			sourceTree = "<group>";
			versionGroupType = wrapper.xcdatamodel;
		};
/* End XCVersionGroup section */
	};
	rootObject = 5E25404F218F2CF3008A14B6 /* Project object */;
}
