// !$*UTF8*$!
{
	archiveVersion = 1;
	classes = {
	};
	objectVersion = 50;
	objects = {

/* Begin PBXBuildFile section */
		5E1893C321A2BAC600184ED6 /* MoviesCoreDataProvider.swift in Sources */ = {isa = PBXBuildFile; fileRef = 5E1893C221A2BAC600184ED6 /* MoviesCoreDataProvider.swift */; };
		5E1893C521A2C83600184ED6 /* CategoriesCoreDataProvider.swift in Sources */ = {isa = PBXBuildFile; fileRef = 5E1893C421A2C83600184ED6 /* CategoriesCoreDataProvider.swift */; };
		5E1893C821A3292600184ED6 /* DataCell.swift in Sources */ = {isa = PBXBuildFile; fileRef = 5E1893C721A3292600184ED6 /* DataCell.swift */; };
		5E1893CD21A379C700184ED6 /* Localizable.strings in Resources */ = {isa = PBXBuildFile; fileRef = 5E1893CF21A379C700184ED6 /* Localizable.strings */; };
		5E1893D721A37D8F00184ED6 /* Strings.swift in Sources */ = {isa = PBXBuildFile; fileRef = 5E1893D621A37D8E00184ED6 /* Strings.swift */; };
		5E1893E721A383CF00184ED6 /* CoreDataUnitTests.swift in Sources */ = {isa = PBXBuildFile; fileRef = 5E1893E621A383CF00184ED6 /* CoreDataUnitTests.swift */; };
		5E1893E921A388D600184ED6 /* TraillerServiceUnitTests.swift in Sources */ = {isa = PBXBuildFile; fileRef = 5E1893E821A388D600184ED6 /* TraillerServiceUnitTests.swift */; };
		5E1893EB21A4A8C200184ED6 /* NotificationManager.swift in Sources */ = {isa = PBXBuildFile; fileRef = 5E1893EA21A4A8C200184ED6 /* NotificationManager.swift */; };
		5E1893ED21A4B2D300184ED6 /* CategoriesDataSource.swift in Sources */ = {isa = PBXBuildFile; fileRef = 5E1893EC21A4B2D300184ED6 /* CategoriesDataSource.swift */; };
		5E1893FD21A8B1FE00184ED6 /* MoviesSnapshotUnitTests.swift in Sources */ = {isa = PBXBuildFile; fileRef = 5E1893FC21A8B1FE00184ED6 /* MoviesSnapshotUnitTests.swift */; };
		5E18940521A8B3A900184ED6 /* MoviesUITests.swift in Sources */ = {isa = PBXBuildFile; fileRef = 5E18940421A8B3A900184ED6 /* MoviesUITests.swift */; };
		5E18940D21A8BB1700184ED6 /* CodeView.swift in Sources */ = {isa = PBXBuildFile; fileRef = 5E18940C21A8BB1700184ED6 /* CodeView.swift */; };
		5E18940F21A8BB2400184ED6 /* AppStyle.swift in Sources */ = {isa = PBXBuildFile; fileRef = 5E18940E21A8BB2400184ED6 /* AppStyle.swift */; };
		5E18941121A8BB2900184ED6 /* SettingsView.swift in Sources */ = {isa = PBXBuildFile; fileRef = 5E18941021A8BB2900184ED6 /* SettingsView.swift */; };
		5E1A293821C1C45900791A59 /* ServiceAPI.swift in Sources */ = {isa = PBXBuildFile; fileRef = 5E1A293721C1C45900791A59 /* ServiceAPI.swift */; };
		5E1A293A21C1C55A00791A59 /* HTTPMethod.swift in Sources */ = {isa = PBXBuildFile; fileRef = 5E1A293921C1C55A00791A59 /* HTTPMethod.swift */; };
		5E1A293D21C1D43200791A59 /* RegisterEditRouter.swift in Sources */ = {isa = PBXBuildFile; fileRef = 5E1A293C21C1D43200791A59 /* RegisterEditRouter.swift */; };
		5E25405B218F2CF3008A14B6 /* AppDelegate.swift in Sources */ = {isa = PBXBuildFile; fileRef = 5E25405A218F2CF3008A14B6 /* AppDelegate.swift */; };
		5E25405D218F2CF3008A14B6 /* MovieDetailViewController.swift in Sources */ = {isa = PBXBuildFile; fileRef = 5E25405C218F2CF3008A14B6 /* MovieDetailViewController.swift */; };
		5E254060218F2CF3008A14B6 /* Main.storyboard in Resources */ = {isa = PBXBuildFile; fileRef = 5E25405E218F2CF3008A14B6 /* Main.storyboard */; };
		5E254062218F2CF4008A14B6 /* Assets.xcassets in Resources */ = {isa = PBXBuildFile; fileRef = 5E254061218F2CF4008A14B6 /* Assets.xcassets */; };
		5E254065218F2CF4008A14B6 /* LaunchScreen.storyboard in Resources */ = {isa = PBXBuildFile; fileRef = 5E254063218F2CF4008A14B6 /* LaunchScreen.storyboard */; };
		5E254070218F30FA008A14B6 /* MovieTableViewCell.swift in Sources */ = {isa = PBXBuildFile; fileRef = 5E25406F218F30FA008A14B6 /* MovieTableViewCell.swift */; };
		5E254075218F3136008A14B6 /* MoviesPromoTableViewCell.swift in Sources */ = {isa = PBXBuildFile; fileRef = 5E254074218F3136008A14B6 /* MoviesPromoTableViewCell.swift */; };
		5E254077218F3176008A14B6 /* MoviesTableViewController.swift in Sources */ = {isa = PBXBuildFile; fileRef = 5E254076218F3176008A14B6 /* MoviesTableViewController.swift */; };
		5E25407B218F3458008A14B6 /* MovieItemCollectionViewCell.swift in Sources */ = {isa = PBXBuildFile; fileRef = 5E25407A218F3458008A14B6 /* MovieItemCollectionViewCell.swift */; };
		5E254080218F71E3008A14B6 /* Movies.xcdatamodeld in Sources */ = {isa = PBXBuildFile; fileRef = 5E25407E218F71E3008A14B6 /* Movies.xcdatamodeld */; };
		5E254082218F72D4008A14B6 /* CoreDataManager.swift in Sources */ = {isa = PBXBuildFile; fileRef = 5E254081218F72D4008A14B6 /* CoreDataManager.swift */; };
		5E254085218F73C6008A14B6 /* CoreData.framework in Frameworks */ = {isa = PBXBuildFile; fileRef = 5E254084218F73C6008A14B6 /* CoreData.framework */; };
		5E254089218F745C008A14B6 /* DataProvider.swift in Sources */ = {isa = PBXBuildFile; fileRef = 5E254088218F745C008A14B6 /* DataProvider.swift */; };
		5E25408D218F85CC008A14B6 /* RatingView.swift in Sources */ = {isa = PBXBuildFile; fileRef = 5E25408C218F85CC008A14B6 /* RatingView.swift */; };
		5E25408F218FB791008A14B6 /* CustomView.swift in Sources */ = {isa = PBXBuildFile; fileRef = 5E25408E218FB791008A14B6 /* CustomView.swift */; };
		5E772C5821B71C3F00F928E7 /* MoviesListInteractor.swift in Sources */ = {isa = PBXBuildFile; fileRef = 5E772C5721B71C3F00F928E7 /* MoviesListInteractor.swift */; };
		5E772C5A21B71C4900F928E7 /* MoviesListRouter.swift in Sources */ = {isa = PBXBuildFile; fileRef = 5E772C5921B71C4900F928E7 /* MoviesListRouter.swift */; };
		5E772C5C21B71C5500F928E7 /* MoviesListPresenter.swift in Sources */ = {isa = PBXBuildFile; fileRef = 5E772C5B21B71C5500F928E7 /* MoviesListPresenter.swift */; };
		5E772C6021B71EB600F928E7 /* MoviesListModels.swift in Sources */ = {isa = PBXBuildFile; fileRef = 5E772C5F21B71EB600F928E7 /* MoviesListModels.swift */; };
		5E772C6421B73C0200F928E7 /* MovieDetailInteractor.swift in Sources */ = {isa = PBXBuildFile; fileRef = 5E772C6321B73C0200F928E7 /* MovieDetailInteractor.swift */; };
		5E772C6621B73C0800F928E7 /* MovieDetailPresenter.swift in Sources */ = {isa = PBXBuildFile; fileRef = 5E772C6521B73C0800F928E7 /* MovieDetailPresenter.swift */; };
		5E772C6821B73C0F00F928E7 /* MovieDetailRouter.swift in Sources */ = {isa = PBXBuildFile; fileRef = 5E772C6721B73C0F00F928E7 /* MovieDetailRouter.swift */; };
		5E772C6A21B73C2400F928E7 /* MovieDetailModels.swift in Sources */ = {isa = PBXBuildFile; fileRef = 5E772C6921B73C2400F928E7 /* MovieDetailModels.swift */; };
		5E946EA921BDDD89007C604C /* SettingsInteractor.swift in Sources */ = {isa = PBXBuildFile; fileRef = 5E946EA821BDDD89007C604C /* SettingsInteractor.swift */; };
		5E946EAB21BDDD8F007C604C /* SettingsPresenter.swift in Sources */ = {isa = PBXBuildFile; fileRef = 5E946EAA21BDDD8F007C604C /* SettingsPresenter.swift */; };
		5E946EAE21BDDDAB007C604C /* RegisterEditInteractor.swift in Sources */ = {isa = PBXBuildFile; fileRef = 5E946EAD21BDDDAB007C604C /* RegisterEditInteractor.swift */; };
		5E946EB021BDDDB5007C604C /* RegisterEditPresenter.swift in Sources */ = {isa = PBXBuildFile; fileRef = 5E946EAF21BDDDB5007C604C /* RegisterEditPresenter.swift */; };
		5E946EB221BDDE22007C604C /* RegisterEditModels.swift in Sources */ = {isa = PBXBuildFile; fileRef = 5E946EB121BDDE22007C604C /* RegisterEditModels.swift */; };
		5EC4231521925AD900913A49 /* RegisterEditMovieViewController.swift in Sources */ = {isa = PBXBuildFile; fileRef = 5EC4231421925AD900913A49 /* RegisterEditMovieViewController.swift */; };
		5EEACA71219F7885003218ED /* Settings.bundle in Resources */ = {isa = PBXBuildFile; fileRef = 5EEACA70219F7885003218ED /* Settings.bundle */; };
		5EEACA73219F7893003218ED /* UserSettingsManager.swift in Sources */ = {isa = PBXBuildFile; fileRef = 5EEACA72219F7893003218ED /* UserSettingsManager.swift */; };
		5EEACA75219F846E003218ED /* UserSettingsViewController.swift in Sources */ = {isa = PBXBuildFile; fileRef = 5EEACA74219F846E003218ED /* UserSettingsViewController.swift */; };
		5EEACA77219F8F92003218ED /* MoviesFileDataProvider.swift in Sources */ = {isa = PBXBuildFile; fileRef = 5EEACA76219F8F92003218ED /* MoviesFileDataProvider.swift */; };
		5EEACA79219F8F9E003218ED /* MovieFile.swift in Sources */ = {isa = PBXBuildFile; fileRef = 5EEACA78219F8F9E003218ED /* MovieFile.swift */; };
		5EEACA7B219F982C003218ED /* AVFoundation.framework in Frameworks */ = {isa = PBXBuildFile; fileRef = 5EEACA7A219F982C003218ED /* AVFoundation.framework */; };
		5EEACA7F219F9906003218ED /* TrailerService.swift in Sources */ = {isa = PBXBuildFile; fileRef = 5EEACA7E219F9906003218ED /* TrailerService.swift */; };
		5EEACA81219F99C0003218ED /* Network.swift in Sources */ = {isa = PBXBuildFile; fileRef = 5EEACA80219F99C0003218ED /* Network.swift */; };
		5EEACA83219F9EA4003218ED /* ItunesApiResponse.swift in Sources */ = {isa = PBXBuildFile; fileRef = 5EEACA82219F9EA4003218ED /* ItunesApiResponse.swift */; };
		5EEACA85219FA0FD003218ED /* UIViewController+Alert.swift in Sources */ = {isa = PBXBuildFile; fileRef = 5EEACA84219FA0FD003218ED /* UIViewController+Alert.swift */; };
		5EEACA87219FA68C003218ED /* UIImage+Resize.swift in Sources */ = {isa = PBXBuildFile; fileRef = 5EEACA86219FA68C003218ED /* UIImage+Resize.swift */; };
		5EEACA89219FB32E003218ED /* UIViewController+Settings.swift in Sources */ = {isa = PBXBuildFile; fileRef = 5EEACA88219FB32E003218ED /* UIViewController+Settings.swift */; };
		5EF574B6219DC4B500F0F190 /* UIViewController+CoreData.swift in Sources */ = {isa = PBXBuildFile; fileRef = 5EF574B5219DC4B500F0F190 /* UIViewController+CoreData.swift */; };
		5EF574B8219DC4D400F0F190 /* String+Trim.swift in Sources */ = {isa = PBXBuildFile; fileRef = 5EF574B7219DC4D400F0F190 /* String+Trim.swift */; };
		5EF574BA219DC4F200F0F190 /* Movie+Image.swift in Sources */ = {isa = PBXBuildFile; fileRef = 5EF574B9219DC4F200F0F190 /* Movie+Image.swift */; };
		5EF574BC219DC57E00F0F190 /* Movie+Properties.swift in Sources */ = {isa = PBXBuildFile; fileRef = 5EF574BB219DC57E00F0F190 /* Movie+Properties.swift */; };
		5EF574BE219E0A3000F0F190 /* MovieCategoryCollectionViewCell.swift in Sources */ = {isa = PBXBuildFile; fileRef = 5EF574BD219E0A3000F0F190 /* MovieCategoryCollectionViewCell.swift */; };
		5EF574C0219E2EC200F0F190 /* UserNotifications.framework in Frameworks */ = {isa = PBXBuildFile; fileRef = 5EF574BF219E2EC200F0F190 /* UserNotifications.framework */; };
		5EF574C2219E33FE00F0F190 /* Date+Formatter.swift in Sources */ = {isa = PBXBuildFile; fileRef = 5EF574C1219E33FE00F0F190 /* Date+Formatter.swift */; };
		5EF574C4219E4D6E00F0F190 /* UIViewController+DefaultColor.swift in Sources */ = {isa = PBXBuildFile; fileRef = 5EF574C3219E4D6E00F0F190 /* UIViewController+DefaultColor.swift */; };
		CB4B97191CEC554B0CBD0D2C /* Pods_Movies.framework in Frameworks */ = {isa = PBXBuildFile; fileRef = 71A4D549282CB9DE7B54C8BE /* Pods_Movies.framework */; };
		E0BC8CB60A6E570D85A1224F /* Pods_Movies_MoviesUnitTests.framework in Frameworks */ = {isa = PBXBuildFile; fileRef = 721A786F3BF145D6ECDF982B /* Pods_Movies_MoviesUnitTests.framework */; };
/* End PBXBuildFile section */

/* Begin PBXContainerItemProxy section */
		5E1893E121A3839000184ED6 /* PBXContainerItemProxy */ = {
			isa = PBXContainerItemProxy;
			containerPortal = 5E25404F218F2CF3008A14B6 /* Project object */;
			proxyType = 1;
			remoteGlobalIDString = 5E254056218F2CF3008A14B6;
			remoteInfo = Movies;
		};
		5E18940721A8B3A900184ED6 /* PBXContainerItemProxy */ = {
			isa = PBXContainerItemProxy;
			containerPortal = 5E25404F218F2CF3008A14B6 /* Project object */;
			proxyType = 1;
			remoteGlobalIDString = 5E254056218F2CF3008A14B6;
			remoteInfo = Movies;
		};
/* End PBXContainerItemProxy section */

/* Begin PBXFileReference section */
		119181980BA75E4E7DF40602 /* Pods_Movies_MoviesUIUnitTests.framework */ = {isa = PBXFileReference; explicitFileType = wrapper.framework; includeInIndex = 0; path = Pods_Movies_MoviesUIUnitTests.framework; sourceTree = BUILT_PRODUCTS_DIR; };
		11D68FE3839C017C680C707C /* Pods-MoviesUIUnitTests.debug.xcconfig */ = {isa = PBXFileReference; includeInIndex = 1; lastKnownFileType = text.xcconfig; name = "Pods-MoviesUIUnitTests.debug.xcconfig"; path = "Pods/Target Support Files/Pods-MoviesUIUnitTests/Pods-MoviesUIUnitTests.debug.xcconfig"; sourceTree = "<group>"; };
		3899B8A9A4F63F81F2C89E3A /* Pods-Movies-MoviesUnitTests.release.xcconfig */ = {isa = PBXFileReference; includeInIndex = 1; lastKnownFileType = text.xcconfig; name = "Pods-Movies-MoviesUnitTests.release.xcconfig"; path = "Pods/Target Support Files/Pods-Movies-MoviesUnitTests/Pods-Movies-MoviesUnitTests.release.xcconfig"; sourceTree = "<group>"; };
		42637FB0940EA4B12472ED05 /* Pods-Movies-MoviesUnitTests.debug.xcconfig */ = {isa = PBXFileReference; includeInIndex = 1; lastKnownFileType = text.xcconfig; name = "Pods-Movies-MoviesUnitTests.debug.xcconfig"; path = "Pods/Target Support Files/Pods-Movies-MoviesUnitTests/Pods-Movies-MoviesUnitTests.debug.xcconfig"; sourceTree = "<group>"; };
		5434FE53EB52606B60B0E246 /* Pods-Movies.release.xcconfig */ = {isa = PBXFileReference; includeInIndex = 1; lastKnownFileType = text.xcconfig; name = "Pods-Movies.release.xcconfig"; path = "Pods/Target Support Files/Pods-Movies/Pods-Movies.release.xcconfig"; sourceTree = "<group>"; };
		5E1893C221A2BAC600184ED6 /* MoviesCoreDataProvider.swift */ = {isa = PBXFileReference; lastKnownFileType = sourcecode.swift; path = MoviesCoreDataProvider.swift; sourceTree = "<group>"; };
		5E1893C421A2C83600184ED6 /* CategoriesCoreDataProvider.swift */ = {isa = PBXFileReference; lastKnownFileType = sourcecode.swift; path = CategoriesCoreDataProvider.swift; sourceTree = "<group>"; };
		5E1893C721A3292600184ED6 /* DataCell.swift */ = {isa = PBXFileReference; lastKnownFileType = sourcecode.swift; path = DataCell.swift; sourceTree = "<group>"; };
		5E1893C921A376EA00184ED6 /* pt-BR */ = {isa = PBXFileReference; lastKnownFileType = text.plist.strings; name = "pt-BR"; path = "pt-BR.lproj/Main.strings"; sourceTree = "<group>"; };
		5E1893CA21A376EA00184ED6 /* pt-BR */ = {isa = PBXFileReference; lastKnownFileType = text.plist.strings; name = "pt-BR"; path = "pt-BR.lproj/LaunchScreen.strings"; sourceTree = "<group>"; };
		5E1893CE21A379C700184ED6 /* pt-BR */ = {isa = PBXFileReference; lastKnownFileType = text.plist.strings; name = "pt-BR"; path = "pt-BR.lproj/Localizable.strings"; sourceTree = "<group>"; };
		5E1893D021A379D300184ED6 /* en */ = {isa = PBXFileReference; lastKnownFileType = text.plist.strings; name = en; path = en.lproj/Localizable.strings; sourceTree = "<group>"; };
		5E1893D621A37D8E00184ED6 /* Strings.swift */ = {isa = PBXFileReference; fileEncoding = 4; lastKnownFileType = sourcecode.swift; path = Strings.swift; sourceTree = "<group>"; };
		5E1893DC21A3839000184ED6 /* MoviesUnitTests.xctest */ = {isa = PBXFileReference; explicitFileType = wrapper.cfbundle; includeInIndex = 0; path = MoviesUnitTests.xctest; sourceTree = BUILT_PRODUCTS_DIR; };
		5E1893E021A3839000184ED6 /* Info.plist */ = {isa = PBXFileReference; lastKnownFileType = text.plist.xml; path = Info.plist; sourceTree = "<group>"; };
		5E1893E621A383CF00184ED6 /* CoreDataUnitTests.swift */ = {isa = PBXFileReference; lastKnownFileType = sourcecode.swift; path = CoreDataUnitTests.swift; sourceTree = "<group>"; };
		5E1893E821A388D600184ED6 /* TraillerServiceUnitTests.swift */ = {isa = PBXFileReference; lastKnownFileType = sourcecode.swift; path = TraillerServiceUnitTests.swift; sourceTree = "<group>"; };
		5E1893EA21A4A8C200184ED6 /* NotificationManager.swift */ = {isa = PBXFileReference; lastKnownFileType = sourcecode.swift; path = NotificationManager.swift; sourceTree = "<group>"; };
		5E1893EC21A4B2D300184ED6 /* CategoriesDataSource.swift */ = {isa = PBXFileReference; lastKnownFileType = sourcecode.swift; path = CategoriesDataSource.swift; sourceTree = "<group>"; };
		5E1893FC21A8B1FE00184ED6 /* MoviesSnapshotUnitTests.swift */ = {isa = PBXFileReference; fileEncoding = 4; lastKnownFileType = sourcecode.swift; path = MoviesSnapshotUnitTests.swift; sourceTree = "<group>"; };
		5E18940221A8B3A900184ED6 /* MoviesUITests.xctest */ = {isa = PBXFileReference; explicitFileType = wrapper.cfbundle; includeInIndex = 0; path = MoviesUITests.xctest; sourceTree = BUILT_PRODUCTS_DIR; };
		5E18940421A8B3A900184ED6 /* MoviesUITests.swift */ = {isa = PBXFileReference; lastKnownFileType = sourcecode.swift; path = MoviesUITests.swift; sourceTree = "<group>"; };
		5E18940621A8B3A900184ED6 /* Info.plist */ = {isa = PBXFileReference; lastKnownFileType = text.plist.xml; path = Info.plist; sourceTree = "<group>"; };
		5E18940C21A8BB1700184ED6 /* CodeView.swift */ = {isa = PBXFileReference; fileEncoding = 4; lastKnownFileType = sourcecode.swift; path = CodeView.swift; sourceTree = "<group>"; };
		5E18940E21A8BB2400184ED6 /* AppStyle.swift */ = {isa = PBXFileReference; fileEncoding = 4; lastKnownFileType = sourcecode.swift; path = AppStyle.swift; sourceTree = "<group>"; };
		5E18941021A8BB2900184ED6 /* SettingsView.swift */ = {isa = PBXFileReference; fileEncoding = 4; lastKnownFileType = sourcecode.swift; path = SettingsView.swift; sourceTree = "<group>"; };
		5E1A293721C1C45900791A59 /* ServiceAPI.swift */ = {isa = PBXFileReference; lastKnownFileType = sourcecode.swift; path = ServiceAPI.swift; sourceTree = "<group>"; };
		5E1A293921C1C55A00791A59 /* HTTPMethod.swift */ = {isa = PBXFileReference; lastKnownFileType = sourcecode.swift; path = HTTPMethod.swift; sourceTree = "<group>"; };
		5E1A293C21C1D43200791A59 /* RegisterEditRouter.swift */ = {isa = PBXFileReference; lastKnownFileType = sourcecode.swift; path = RegisterEditRouter.swift; sourceTree = "<group>"; };
		5E254057218F2CF3008A14B6 /* Movies.app */ = {isa = PBXFileReference; explicitFileType = wrapper.application; includeInIndex = 0; path = Movies.app; sourceTree = BUILT_PRODUCTS_DIR; };
		5E25405A218F2CF3008A14B6 /* AppDelegate.swift */ = {isa = PBXFileReference; lastKnownFileType = sourcecode.swift; path = AppDelegate.swift; sourceTree = "<group>"; };
		5E25405C218F2CF3008A14B6 /* MovieDetailViewController.swift */ = {isa = PBXFileReference; lastKnownFileType = sourcecode.swift; path = MovieDetailViewController.swift; sourceTree = "<group>"; };
		5E25405F218F2CF3008A14B6 /* Base */ = {isa = PBXFileReference; lastKnownFileType = file.storyboard; name = Base; path = Base.lproj/Main.storyboard; sourceTree = "<group>"; };
		5E254061218F2CF4008A14B6 /* Assets.xcassets */ = {isa = PBXFileReference; lastKnownFileType = folder.assetcatalog; path = Assets.xcassets; sourceTree = "<group>"; };
		5E254064218F2CF4008A14B6 /* Base */ = {isa = PBXFileReference; lastKnownFileType = file.storyboard; name = Base; path = Base.lproj/LaunchScreen.storyboard; sourceTree = "<group>"; };
		5E254066218F2CF4008A14B6 /* Info.plist */ = {isa = PBXFileReference; lastKnownFileType = text.plist.xml; path = Info.plist; sourceTree = "<group>"; };
		5E25406F218F30FA008A14B6 /* MovieTableViewCell.swift */ = {isa = PBXFileReference; lastKnownFileType = sourcecode.swift; path = MovieTableViewCell.swift; sourceTree = "<group>"; };
		5E254074218F3136008A14B6 /* MoviesPromoTableViewCell.swift */ = {isa = PBXFileReference; lastKnownFileType = sourcecode.swift; path = MoviesPromoTableViewCell.swift; sourceTree = "<group>"; };
		5E254076218F3176008A14B6 /* MoviesTableViewController.swift */ = {isa = PBXFileReference; lastKnownFileType = sourcecode.swift; path = MoviesTableViewController.swift; sourceTree = "<group>"; };
		5E25407A218F3458008A14B6 /* MovieItemCollectionViewCell.swift */ = {isa = PBXFileReference; lastKnownFileType = sourcecode.swift; path = MovieItemCollectionViewCell.swift; sourceTree = "<group>"; };
		5E25407F218F71E3008A14B6 /* Movies.xcdatamodel */ = {isa = PBXFileReference; lastKnownFileType = wrapper.xcdatamodel; path = Movies.xcdatamodel; sourceTree = "<group>"; };
		5E254081218F72D4008A14B6 /* CoreDataManager.swift */ = {isa = PBXFileReference; lastKnownFileType = sourcecode.swift; path = CoreDataManager.swift; sourceTree = "<group>"; };
		5E254084218F73C6008A14B6 /* CoreData.framework */ = {isa = PBXFileReference; lastKnownFileType = wrapper.framework; name = CoreData.framework; path = System/Library/Frameworks/CoreData.framework; sourceTree = SDKROOT; };
		5E254088218F745C008A14B6 /* DataProvider.swift */ = {isa = PBXFileReference; lastKnownFileType = sourcecode.swift; path = DataProvider.swift; sourceTree = "<group>"; };
		5E25408C218F85CC008A14B6 /* RatingView.swift */ = {isa = PBXFileReference; lastKnownFileType = sourcecode.swift; path = RatingView.swift; sourceTree = "<group>"; };
		5E25408E218FB791008A14B6 /* CustomView.swift */ = {isa = PBXFileReference; lastKnownFileType = sourcecode.swift; path = CustomView.swift; sourceTree = "<group>"; };
		5E772C5721B71C3F00F928E7 /* MoviesListInteractor.swift */ = {isa = PBXFileReference; lastKnownFileType = sourcecode.swift; path = MoviesListInteractor.swift; sourceTree = "<group>"; };
		5E772C5921B71C4900F928E7 /* MoviesListRouter.swift */ = {isa = PBXFileReference; lastKnownFileType = sourcecode.swift; path = MoviesListRouter.swift; sourceTree = "<group>"; };
		5E772C5B21B71C5500F928E7 /* MoviesListPresenter.swift */ = {isa = PBXFileReference; lastKnownFileType = sourcecode.swift; path = MoviesListPresenter.swift; sourceTree = "<group>"; };
		5E772C5F21B71EB600F928E7 /* MoviesListModels.swift */ = {isa = PBXFileReference; lastKnownFileType = sourcecode.swift; path = MoviesListModels.swift; sourceTree = "<group>"; };
		5E772C6321B73C0200F928E7 /* MovieDetailInteractor.swift */ = {isa = PBXFileReference; lastKnownFileType = sourcecode.swift; path = MovieDetailInteractor.swift; sourceTree = "<group>"; };
		5E772C6521B73C0800F928E7 /* MovieDetailPresenter.swift */ = {isa = PBXFileReference; lastKnownFileType = sourcecode.swift; path = MovieDetailPresenter.swift; sourceTree = "<group>"; };
		5E772C6721B73C0F00F928E7 /* MovieDetailRouter.swift */ = {isa = PBXFileReference; lastKnownFileType = sourcecode.swift; path = MovieDetailRouter.swift; sourceTree = "<group>"; };
		5E772C6921B73C2400F928E7 /* MovieDetailModels.swift */ = {isa = PBXFileReference; lastKnownFileType = sourcecode.swift; path = MovieDetailModels.swift; sourceTree = "<group>"; };
		5E946EA821BDDD89007C604C /* SettingsInteractor.swift */ = {isa = PBXFileReference; lastKnownFileType = sourcecode.swift; path = SettingsInteractor.swift; sourceTree = "<group>"; };
		5E946EAA21BDDD8F007C604C /* SettingsPresenter.swift */ = {isa = PBXFileReference; lastKnownFileType = sourcecode.swift; path = SettingsPresenter.swift; sourceTree = "<group>"; };
		5E946EAD21BDDDAB007C604C /* RegisterEditInteractor.swift */ = {isa = PBXFileReference; lastKnownFileType = sourcecode.swift; path = RegisterEditInteractor.swift; sourceTree = "<group>"; };
		5E946EAF21BDDDB5007C604C /* RegisterEditPresenter.swift */ = {isa = PBXFileReference; lastKnownFileType = sourcecode.swift; path = RegisterEditPresenter.swift; sourceTree = "<group>"; };
		5E946EB121BDDE22007C604C /* RegisterEditModels.swift */ = {isa = PBXFileReference; lastKnownFileType = sourcecode.swift; path = RegisterEditModels.swift; sourceTree = "<group>"; };
		5EC4231421925AD900913A49 /* RegisterEditMovieViewController.swift */ = {isa = PBXFileReference; lastKnownFileType = sourcecode.swift; path = RegisterEditMovieViewController.swift; sourceTree = "<group>"; };
		5EEACA70219F7885003218ED /* Settings.bundle */ = {isa = PBXFileReference; lastKnownFileType = "wrapper.plug-in"; path = Settings.bundle; sourceTree = "<group>"; };
		5EEACA72219F7893003218ED /* UserSettingsManager.swift */ = {isa = PBXFileReference; lastKnownFileType = sourcecode.swift; path = UserSettingsManager.swift; sourceTree = "<group>"; };
		5EEACA74219F846E003218ED /* UserSettingsViewController.swift */ = {isa = PBXFileReference; lastKnownFileType = sourcecode.swift; path = UserSettingsViewController.swift; sourceTree = "<group>"; };
		5EEACA76219F8F92003218ED /* MoviesFileDataProvider.swift */ = {isa = PBXFileReference; fileEncoding = 4; lastKnownFileType = sourcecode.swift; path = MoviesFileDataProvider.swift; sourceTree = "<group>"; };
		5EEACA78219F8F9E003218ED /* MovieFile.swift */ = {isa = PBXFileReference; fileEncoding = 4; lastKnownFileType = sourcecode.swift; path = MovieFile.swift; sourceTree = "<group>"; };
		5EEACA7A219F982C003218ED /* AVFoundation.framework */ = {isa = PBXFileReference; lastKnownFileType = wrapper.framework; name = AVFoundation.framework; path = System/Library/Frameworks/AVFoundation.framework; sourceTree = SDKROOT; };
		5EEACA7E219F9906003218ED /* TrailerService.swift */ = {isa = PBXFileReference; lastKnownFileType = sourcecode.swift; path = TrailerService.swift; sourceTree = "<group>"; };
		5EEACA80219F99C0003218ED /* Network.swift */ = {isa = PBXFileReference; lastKnownFileType = sourcecode.swift; path = Network.swift; sourceTree = "<group>"; };
		5EEACA82219F9EA4003218ED /* ItunesApiResponse.swift */ = {isa = PBXFileReference; lastKnownFileType = sourcecode.swift; path = ItunesApiResponse.swift; sourceTree = "<group>"; };
		5EEACA84219FA0FD003218ED /* UIViewController+Alert.swift */ = {isa = PBXFileReference; lastKnownFileType = sourcecode.swift; path = "UIViewController+Alert.swift"; sourceTree = "<group>"; };
		5EEACA86219FA68C003218ED /* UIImage+Resize.swift */ = {isa = PBXFileReference; lastKnownFileType = sourcecode.swift; path = "UIImage+Resize.swift"; sourceTree = "<group>"; };
		5EEACA88219FB32E003218ED /* UIViewController+Settings.swift */ = {isa = PBXFileReference; lastKnownFileType = sourcecode.swift; path = "UIViewController+Settings.swift"; sourceTree = "<group>"; };
		5EF574B5219DC4B500F0F190 /* UIViewController+CoreData.swift */ = {isa = PBXFileReference; lastKnownFileType = sourcecode.swift; path = "UIViewController+CoreData.swift"; sourceTree = "<group>"; };
		5EF574B7219DC4D400F0F190 /* String+Trim.swift */ = {isa = PBXFileReference; lastKnownFileType = sourcecode.swift; path = "String+Trim.swift"; sourceTree = "<group>"; };
		5EF574B9219DC4F200F0F190 /* Movie+Image.swift */ = {isa = PBXFileReference; lastKnownFileType = sourcecode.swift; path = "Movie+Image.swift"; sourceTree = "<group>"; };
		5EF574BB219DC57E00F0F190 /* Movie+Properties.swift */ = {isa = PBXFileReference; lastKnownFileType = sourcecode.swift; path = "Movie+Properties.swift"; sourceTree = "<group>"; };
		5EF574BD219E0A3000F0F190 /* MovieCategoryCollectionViewCell.swift */ = {isa = PBXFileReference; lastKnownFileType = sourcecode.swift; path = MovieCategoryCollectionViewCell.swift; sourceTree = "<group>"; };
		5EF574BF219E2EC200F0F190 /* UserNotifications.framework */ = {isa = PBXFileReference; lastKnownFileType = wrapper.framework; name = UserNotifications.framework; path = System/Library/Frameworks/UserNotifications.framework; sourceTree = SDKROOT; };
		5EF574C1219E33FE00F0F190 /* Date+Formatter.swift */ = {isa = PBXFileReference; lastKnownFileType = sourcecode.swift; path = "Date+Formatter.swift"; sourceTree = "<group>"; };
		5EF574C3219E4D6E00F0F190 /* UIViewController+DefaultColor.swift */ = {isa = PBXFileReference; lastKnownFileType = sourcecode.swift; path = "UIViewController+DefaultColor.swift"; sourceTree = "<group>"; };
		71A4D549282CB9DE7B54C8BE /* Pods_Movies.framework */ = {isa = PBXFileReference; explicitFileType = wrapper.framework; includeInIndex = 0; path = Pods_Movies.framework; sourceTree = BUILT_PRODUCTS_DIR; };
		721A786F3BF145D6ECDF982B /* Pods_Movies_MoviesUnitTests.framework */ = {isa = PBXFileReference; explicitFileType = wrapper.framework; includeInIndex = 0; path = Pods_Movies_MoviesUnitTests.framework; sourceTree = BUILT_PRODUCTS_DIR; };
		B02A28181FF804FE2455A79C /* Pods_MoviesUIUnitTests.framework */ = {isa = PBXFileReference; explicitFileType = wrapper.framework; includeInIndex = 0; path = Pods_MoviesUIUnitTests.framework; sourceTree = BUILT_PRODUCTS_DIR; };
		B7CC36EEBCFD349E63526A77 /* Pods-MoviesUIUnitTests.release.xcconfig */ = {isa = PBXFileReference; includeInIndex = 1; lastKnownFileType = text.xcconfig; name = "Pods-MoviesUIUnitTests.release.xcconfig"; path = "Pods/Target Support Files/Pods-MoviesUIUnitTests/Pods-MoviesUIUnitTests.release.xcconfig"; sourceTree = "<group>"; };
		F4C8C998A59B65037E1F0C9B /* Pods_MoviesUnitTests.framework */ = {isa = PBXFileReference; explicitFileType = wrapper.framework; includeInIndex = 0; path = Pods_MoviesUnitTests.framework; sourceTree = BUILT_PRODUCTS_DIR; };
		F4C9B4D184B86925AE9D377A /* Pods-Movies.debug.xcconfig */ = {isa = PBXFileReference; includeInIndex = 1; lastKnownFileType = text.xcconfig; name = "Pods-Movies.debug.xcconfig"; path = "Pods/Target Support Files/Pods-Movies/Pods-Movies.debug.xcconfig"; sourceTree = "<group>"; };
		FA881722F62FBF3A64EFD3D5 /* Pods_Movies_MoviesUITests.framework */ = {isa = PBXFileReference; explicitFileType = wrapper.framework; includeInIndex = 0; path = Pods_Movies_MoviesUITests.framework; sourceTree = BUILT_PRODUCTS_DIR; };
/* End PBXFileReference section */

/* Begin PBXFrameworksBuildPhase section */
		5E1893D921A3839000184ED6 /* Frameworks */ = {
			isa = PBXFrameworksBuildPhase;
			buildActionMask = 2147483647;
			files = (
				E0BC8CB60A6E570D85A1224F /* Pods_Movies_MoviesUnitTests.framework in Frameworks */,
			);
			runOnlyForDeploymentPostprocessing = 0;
		};
		5E1893FF21A8B3A900184ED6 /* Frameworks */ = {
			isa = PBXFrameworksBuildPhase;
			buildActionMask = 2147483647;
			files = (
			);
			runOnlyForDeploymentPostprocessing = 0;
		};
		5E254054218F2CF3008A14B6 /* Frameworks */ = {
			isa = PBXFrameworksBuildPhase;
			buildActionMask = 2147483647;
			files = (
				5EEACA7B219F982C003218ED /* AVFoundation.framework in Frameworks */,
				5EF574C0219E2EC200F0F190 /* UserNotifications.framework in Frameworks */,
				5E254085218F73C6008A14B6 /* CoreData.framework in Frameworks */,
				CB4B97191CEC554B0CBD0D2C /* Pods_Movies.framework in Frameworks */,
			);
			runOnlyForDeploymentPostprocessing = 0;
		};
/* End PBXFrameworksBuildPhase section */

/* Begin PBXGroup section */
		5017BCA18A11C8DD68E44650 /* Pods */ = {
			isa = PBXGroup;
			children = (
				F4C9B4D184B86925AE9D377A /* Pods-Movies.debug.xcconfig */,
				5434FE53EB52606B60B0E246 /* Pods-Movies.release.xcconfig */,
				11D68FE3839C017C680C707C /* Pods-MoviesUIUnitTests.debug.xcconfig */,
				B7CC36EEBCFD349E63526A77 /* Pods-MoviesUIUnitTests.release.xcconfig */,
				42637FB0940EA4B12472ED05 /* Pods-Movies-MoviesUnitTests.debug.xcconfig */,
				3899B8A9A4F63F81F2C89E3A /* Pods-Movies-MoviesUnitTests.release.xcconfig */,
			);
			name = Pods;
			sourceTree = "<group>";
		};
		5E1893BE21A2B92600184ED6 /* MoviesList */ = {
			isa = PBXGroup;
			children = (
				5E772C6121B73A6A00F928E7 /* Clean */,
				5E25406F218F30FA008A14B6 /* MovieTableViewCell.swift */,
				5E254074218F3136008A14B6 /* MoviesPromoTableViewCell.swift */,
				5E25407A218F3458008A14B6 /* MovieItemCollectionViewCell.swift */,
				5EF574BD219E0A3000F0F190 /* MovieCategoryCollectionViewCell.swift */,
				5EEACA78219F8F9E003218ED /* MovieFile.swift */,
			);
			path = MoviesList;
			sourceTree = "<group>";
		};
		5E1893BF21A2B92E00184ED6 /* MoviesRegisterEdit */ = {
			isa = PBXGroup;
			children = (
				5E946EAC21BDDD98007C604C /* Clean */,
				5E1893EC21A4B2D300184ED6 /* CategoriesDataSource.swift */,
				5E1893C421A2C83600184ED6 /* CategoriesCoreDataProvider.swift */,
			);
			path = MoviesRegisterEdit;
			sourceTree = "<group>";
		};
		5E1893C021A2B93800184ED6 /* MovieDetails */ = {
			isa = PBXGroup;
			children = (
				5E772C6221B73BEF00F928E7 /* Clean */,
				5EEACA7E219F9906003218ED /* TrailerService.swift */,
				5EEACA82219F9EA4003218ED /* ItunesApiResponse.swift */,
			);
			path = MovieDetails;
			sourceTree = "<group>";
		};
		5E1893D121A37A0100184ED6 /* Common */ = {
			isa = PBXGroup;
			children = (
				5E18940E21A8BB2400184ED6 /* AppStyle.swift */,
				5E18940C21A8BB1700184ED6 /* CodeView.swift */,
				5E1893D521A37D8E00184ED6 /* Generated */,
				5E1893EA21A4A8C200184ED6 /* NotificationManager.swift */,
			);
			path = Common;
			sourceTree = "<group>";
		};
		5E1893D521A37D8E00184ED6 /* Generated */ = {
			isa = PBXGroup;
			children = (
				5E1893D621A37D8E00184ED6 /* Strings.swift */,
			);
			path = Generated;
			sourceTree = "<group>";
		};
		5E1893DD21A3839000184ED6 /* MoviesUnitTests */ = {
			isa = PBXGroup;
			children = (
				5E1893E021A3839000184ED6 /* Info.plist */,
				5E1893E621A383CF00184ED6 /* CoreDataUnitTests.swift */,
				5E1893FC21A8B1FE00184ED6 /* MoviesSnapshotUnitTests.swift */,
				5E1893E821A388D600184ED6 /* TraillerServiceUnitTests.swift */,
			);
			path = MoviesUnitTests;
			sourceTree = "<group>";
		};
		5E18940321A8B3A900184ED6 /* MoviesUITests */ = {
			isa = PBXGroup;
			children = (
				5E18940421A8B3A900184ED6 /* MoviesUITests.swift */,
				5E18940621A8B3A900184ED6 /* Info.plist */,
			);
			path = MoviesUITests;
			sourceTree = "<group>";
		};
		5E1A293B21C1CDE900791A59 /* Shared */ = {
			isa = PBXGroup;
			children = (
				5E25406D218F2D2F008A14B6 /* View */,
				5E254079218F3218008A14B6 /* Protocol */,
				5EF574B4219DC4A800F0F190 /* Extension */,
				5EEACA7D219F98F3003218ED /* Service */,
				5E25407C218F71C4008A14B6 /* CoreData */,
				5E1893D121A37A0100184ED6 /* Common */,
			);
			path = Shared;
			sourceTree = "<group>";
		};
		5E25404E218F2CF3008A14B6 = {
			isa = PBXGroup;
			children = (
				5E254059218F2CF3008A14B6 /* Movies */,
				5E1893DD21A3839000184ED6 /* MoviesUnitTests */,
				5E18940321A8B3A900184ED6 /* MoviesUITests */,
				5E254058218F2CF3008A14B6 /* Products */,
				5E254083218F73C6008A14B6 /* Frameworks */,
				5017BCA18A11C8DD68E44650 /* Pods */,
			);
			sourceTree = "<group>";
		};
		5E254058218F2CF3008A14B6 /* Products */ = {
			isa = PBXGroup;
			children = (
				5E254057218F2CF3008A14B6 /* Movies.app */,
				5E1893DC21A3839000184ED6 /* MoviesUnitTests.xctest */,
				5E18940221A8B3A900184ED6 /* MoviesUITests.xctest */,
			);
			name = Products;
			sourceTree = "<group>";
		};
		5E254059218F2CF3008A14B6 /* Movies */ = {
			isa = PBXGroup;
			children = (
				5E3D577321C9A92900524609 /* Scenes */,
				5E1A293B21C1CDE900791A59 /* Shared */,
				5E25406C218F2D0D008A14B6 /* Resources */,
				5E25405A218F2CF3008A14B6 /* AppDelegate.swift */,
			);
			path = Movies;
			sourceTree = "<group>";
		};
		5E25406C218F2D0D008A14B6 /* Resources */ = {
			isa = PBXGroup;
			children = (
				5E254066218F2CF4008A14B6 /* Info.plist */,
				5E254061218F2CF4008A14B6 /* Assets.xcassets */,
				5E1893CF21A379C700184ED6 /* Localizable.strings */,
			);
			path = Resources;
			sourceTree = "<group>";
		};
		5E25406D218F2D2F008A14B6 /* View */ = {
			isa = PBXGroup;
			children = (
				5E25405E218F2CF3008A14B6 /* Main.storyboard */,
				5E254063218F2CF4008A14B6 /* LaunchScreen.storyboard */,
				5E25408C218F85CC008A14B6 /* RatingView.swift */,
				5E25408E218FB791008A14B6 /* CustomView.swift */,
			);
			path = View;
			sourceTree = "<group>";
		};
		5E254079218F3218008A14B6 /* Protocol */ = {
			isa = PBXGroup;
			children = (
				5E254088218F745C008A14B6 /* DataProvider.swift */,
				5E1893C721A3292600184ED6 /* DataCell.swift */,
			);
			path = Protocol;
			sourceTree = "<group>";
		};
		5E25407C218F71C4008A14B6 /* CoreData */ = {
			isa = PBXGroup;
			children = (
				5E25407E218F71E3008A14B6 /* Movies.xcdatamodeld */,
				5E254081218F72D4008A14B6 /* CoreDataManager.swift */,
			);
			path = CoreData;
			sourceTree = "<group>";
		};
		5E254083218F73C6008A14B6 /* Frameworks */ = {
			isa = PBXGroup;
			children = (
				5EEACA7A219F982C003218ED /* AVFoundation.framework */,
				5EF574BF219E2EC200F0F190 /* UserNotifications.framework */,
				5E254084218F73C6008A14B6 /* CoreData.framework */,
				71A4D549282CB9DE7B54C8BE /* Pods_Movies.framework */,
				119181980BA75E4E7DF40602 /* Pods_Movies_MoviesUIUnitTests.framework */,
				B02A28181FF804FE2455A79C /* Pods_MoviesUIUnitTests.framework */,
				F4C8C998A59B65037E1F0C9B /* Pods_MoviesUnitTests.framework */,
				721A786F3BF145D6ECDF982B /* Pods_Movies_MoviesUnitTests.framework */,
				FA881722F62FBF3A64EFD3D5 /* Pods_Movies_MoviesUITests.framework */,
			);
			name = Frameworks;
			sourceTree = "<group>";
		};
		5E3D577321C9A92900524609 /* Scenes */ = {
			isa = PBXGroup;
			children = (
				5E1893C021A2B93800184ED6 /* MovieDetails */,
				5E1893BF21A2B92E00184ED6 /* MoviesRegisterEdit */,
				5E1893BE21A2B92600184ED6 /* MoviesList */,
				5EEACA6F219F7879003218ED /* AppSettings */,
			);
			path = Scenes;
			sourceTree = "<group>";
		};
		5E772C6121B73A6A00F928E7 /* Clean */ = {
			isa = PBXGroup;
			children = (
				5EEACA76219F8F92003218ED /* MoviesFileDataProvider.swift */,
				5E254076218F3176008A14B6 /* MoviesTableViewController.swift */,
				5E1893C221A2BAC600184ED6 /* MoviesCoreDataProvider.swift */,
				5E772C5721B71C3F00F928E7 /* MoviesListInteractor.swift */,
				5E772C5921B71C4900F928E7 /* MoviesListRouter.swift */,
				5E772C5B21B71C5500F928E7 /* MoviesListPresenter.swift */,
				5E772C5F21B71EB600F928E7 /* MoviesListModels.swift */,
			);
			path = Clean;
			sourceTree = "<group>";
		};
		5E772C6221B73BEF00F928E7 /* Clean */ = {
			isa = PBXGroup;
			children = (
				5E25405C218F2CF3008A14B6 /* MovieDetailViewController.swift */,
				5E772C6321B73C0200F928E7 /* MovieDetailInteractor.swift */,
				5E772C6521B73C0800F928E7 /* MovieDetailPresenter.swift */,
				5E772C6721B73C0F00F928E7 /* MovieDetailRouter.swift */,
				5E772C6921B73C2400F928E7 /* MovieDetailModels.swift */,
			);
			path = Clean;
			sourceTree = "<group>";
		};
		5E946EA721BDDD7F007C604C /* Clean */ = {
			isa = PBXGroup;
			children = (
				5E946EA821BDDD89007C604C /* SettingsInteractor.swift */,
				5E946EAA21BDDD8F007C604C /* SettingsPresenter.swift */,
			);
			path = Clean;
			sourceTree = "<group>";
		};
		5E946EAC21BDDD98007C604C /* Clean */ = {
			isa = PBXGroup;
			children = (
				5EC4231421925AD900913A49 /* RegisterEditMovieViewController.swift */,
				5E946EAD21BDDDAB007C604C /* RegisterEditInteractor.swift */,
				5E946EAF21BDDDB5007C604C /* RegisterEditPresenter.swift */,
				5E946EB121BDDE22007C604C /* RegisterEditModels.swift */,
				5E1A293C21C1D43200791A59 /* RegisterEditRouter.swift */,
			);
			path = Clean;
			sourceTree = "<group>";
		};
		5EEACA6F219F7879003218ED /* AppSettings */ = {
			isa = PBXGroup;
			children = (
				5E946EA721BDDD7F007C604C /* Clean */,
				5E18941021A8BB2900184ED6 /* SettingsView.swift */,
				5EEACA70219F7885003218ED /* Settings.bundle */,
				5EEACA72219F7893003218ED /* UserSettingsManager.swift */,
				5EEACA74219F846E003218ED /* UserSettingsViewController.swift */,
			);
			path = AppSettings;
			sourceTree = "<group>";
		};
		5EEACA7D219F98F3003218ED /* Service */ = {
			isa = PBXGroup;
			children = (
				5EEACA80219F99C0003218ED /* Network.swift */,
				5E1A293721C1C45900791A59 /* ServiceAPI.swift */,
				5E1A293921C1C55A00791A59 /* HTTPMethod.swift */,
			);
			path = Service;
			sourceTree = "<group>";
		};
		5EF574B4219DC4A800F0F190 /* Extension */ = {
			isa = PBXGroup;
			children = (
				5EF574B5219DC4B500F0F190 /* UIViewController+CoreData.swift */,
				5EF574B7219DC4D400F0F190 /* String+Trim.swift */,
				5EF574B9219DC4F200F0F190 /* Movie+Image.swift */,
				5EF574BB219DC57E00F0F190 /* Movie+Properties.swift */,
				5EF574C1219E33FE00F0F190 /* Date+Formatter.swift */,
				5EF574C3219E4D6E00F0F190 /* UIViewController+DefaultColor.swift */,
				5EEACA84219FA0FD003218ED /* UIViewController+Alert.swift */,
				5EEACA86219FA68C003218ED /* UIImage+Resize.swift */,
				5EEACA88219FB32E003218ED /* UIViewController+Settings.swift */,
			);
			path = Extension;
			sourceTree = "<group>";
		};
/* End PBXGroup section */

/* Begin PBXNativeTarget section */
		5E1893DB21A3839000184ED6 /* MoviesUnitTests */ = {
			isa = PBXNativeTarget;
			buildConfigurationList = 5E1893E321A3839000184ED6 /* Build configuration list for PBXNativeTarget "MoviesUnitTests" */;
			buildPhases = (
				8BB12FC24EBB450083B64A85 /* [CP] Check Pods Manifest.lock */,
				5E1893D821A3839000184ED6 /* Sources */,
				5E1893D921A3839000184ED6 /* Frameworks */,
				5E1893DA21A3839000184ED6 /* Resources */,
				AC87BEB11B515278F17D1CEB /* [CP] Embed Pods Frameworks */,
			);
			buildRules = (
			);
			dependencies = (
				5E1893E221A3839000184ED6 /* PBXTargetDependency */,
			);
			name = MoviesUnitTests;
			productName = MoviesUnitTests;
			productReference = 5E1893DC21A3839000184ED6 /* MoviesUnitTests.xctest */;
			productType = "com.apple.product-type.bundle.unit-test";
		};
		5E18940121A8B3A900184ED6 /* MoviesUITests */ = {
			isa = PBXNativeTarget;
			buildConfigurationList = 5E18940B21A8B3A900184ED6 /* Build configuration list for PBXNativeTarget "MoviesUITests" */;
			buildPhases = (
				5E1893FE21A8B3A900184ED6 /* Sources */,
				5E1893FF21A8B3A900184ED6 /* Frameworks */,
				5E18940021A8B3A900184ED6 /* Resources */,
			);
			buildRules = (
			);
			dependencies = (
				5E18940821A8B3A900184ED6 /* PBXTargetDependency */,
			);
			name = MoviesUITests;
			productName = MoviesUITests;
			productReference = 5E18940221A8B3A900184ED6 /* MoviesUITests.xctest */;
			productType = "com.apple.product-type.bundle.ui-testing";
		};
		5E254056218F2CF3008A14B6 /* Movies */ = {
			isa = PBXNativeTarget;
			buildConfigurationList = 5E254069218F2CF4008A14B6 /* Build configuration list for PBXNativeTarget "Movies" */;
			buildPhases = (
				FDADD766BB7CA6DB973B6C49 /* [CP] Check Pods Manifest.lock */,
				5E254053218F2CF3008A14B6 /* Sources */,
				5E254054218F2CF3008A14B6 /* Frameworks */,
				5E254055218F2CF3008A14B6 /* Resources */,
				5E1893C621A2D51800184ED6 /* SwiftLint */,
				5E1893D221A37B9F00184ED6 /* SwiftGen */,
			);
			buildRules = (
			);
			dependencies = (
			);
			name = Movies;
			productName = Movies;
			productReference = 5E254057218F2CF3008A14B6 /* Movies.app */;
			productType = "com.apple.product-type.application";
		};
/* End PBXNativeTarget section */

/* Begin PBXProject section */
		5E25404F218F2CF3008A14B6 /* Project object */ = {
			isa = PBXProject;
			attributes = {
				LastSwiftUpdateCheck = 1010;
				LastUpgradeCheck = 1010;
				ORGANIZATIONNAME = Movile;
				TargetAttributes = {
					5E1893DB21A3839000184ED6 = {
						CreatedOnToolsVersion = 10.1;
						TestTargetID = 5E254056218F2CF3008A14B6;
					};
					5E18940121A8B3A900184ED6 = {
						CreatedOnToolsVersion = 10.1;
						TestTargetID = 5E254056218F2CF3008A14B6;
					};
					5E254056218F2CF3008A14B6 = {
						CreatedOnToolsVersion = 10.1;
					};
				};
			};
			buildConfigurationList = 5E254052218F2CF3008A14B6 /* Build configuration list for PBXProject "Movies" */;
			compatibilityVersion = "Xcode 9.3";
			developmentRegion = en;
			hasScannedForEncodings = 0;
			knownRegions = (
				en,
				Base,
			);
			mainGroup = 5E25404E218F2CF3008A14B6;
			productRefGroup = 5E254058218F2CF3008A14B6 /* Products */;
			projectDirPath = "";
			projectRoot = "";
			targets = (
				5E254056218F2CF3008A14B6 /* Movies */,
				5E1893DB21A3839000184ED6 /* MoviesUnitTests */,
				5E18940121A8B3A900184ED6 /* MoviesUITests */,
			);
		};
/* End PBXProject section */

/* Begin PBXResourcesBuildPhase section */
		5E1893DA21A3839000184ED6 /* Resources */ = {
			isa = PBXResourcesBuildPhase;
			buildActionMask = 2147483647;
			files = (
			);
			runOnlyForDeploymentPostprocessing = 0;
		};
		5E18940021A8B3A900184ED6 /* Resources */ = {
			isa = PBXResourcesBuildPhase;
			buildActionMask = 2147483647;
			files = (
			);
			runOnlyForDeploymentPostprocessing = 0;
		};
		5E254055218F2CF3008A14B6 /* Resources */ = {
			isa = PBXResourcesBuildPhase;
			buildActionMask = 2147483647;
			files = (
				5E1893CD21A379C700184ED6 /* Localizable.strings in Resources */,
				5EEACA71219F7885003218ED /* Settings.bundle in Resources */,
				5E254065218F2CF4008A14B6 /* LaunchScreen.storyboard in Resources */,
				5E254062218F2CF4008A14B6 /* Assets.xcassets in Resources */,
				5E254060218F2CF3008A14B6 /* Main.storyboard in Resources */,
			);
			runOnlyForDeploymentPostprocessing = 0;
		};
/* End PBXResourcesBuildPhase section */

/* Begin PBXShellScriptBuildPhase section */
		5E1893C621A2D51800184ED6 /* SwiftLint */ = {
			isa = PBXShellScriptBuildPhase;
			buildActionMask = 2147483647;
			files = (
			);
			inputPaths = (
			);
			name = SwiftLint;
			outputPaths = (
			);
			runOnlyForDeploymentPostprocessing = 0;
			shellPath = /bin/sh;
			shellScript = "# Type a script or drag a script file from your workspace to insert its path.\ncd Movies/\n${PODS_ROOT}/SwiftLint/swiftlint\n";
		};
		5E1893D221A37B9F00184ED6 /* SwiftGen */ = {
			isa = PBXShellScriptBuildPhase;
			buildActionMask = 2147483647;
			files = (
			);
			inputPaths = (
			);
			name = SwiftGen;
			outputPaths = (
			);
			runOnlyForDeploymentPostprocessing = 0;
			shellPath = /bin/sh;
			shellScript = "cd Movies/\n# Only runs if somethings changed\nCHANGED=\"$(git status | grep \"Resources/en.lproj/Localizable.strings\")\"\nif [ -z \"$CHANGED\" ]\nthen\necho \"unchanged\"\nelse    \n    $PODS_ROOT/SwiftGen/bin/swiftgen strings --output Common/Generated/Strings.swift Resources/en.lproj/Localizable.strings --param enumName=Localization -t flat-swift4\nfi\n\n\n#$PODS_ROOT/SwiftGen/bin/swiftgen strings --output Common/Generated/Strings.swift Resources/en.lproj/Localizable.strings --param enumName=Localization -t flat-swift4\n";
		};
		8BB12FC24EBB450083B64A85 /* [CP] Check Pods Manifest.lock */ = {
			isa = PBXShellScriptBuildPhase;
			buildActionMask = 2147483647;
			files = (
			);
			inputPaths = (
				"${PODS_PODFILE_DIR_PATH}/Podfile.lock",
				"${PODS_ROOT}/Manifest.lock",
			);
			name = "[CP] Check Pods Manifest.lock";
			outputPaths = (
				"$(DERIVED_FILE_DIR)/Pods-Movies-MoviesUnitTests-checkManifestLockResult.txt",
			);
			runOnlyForDeploymentPostprocessing = 0;
			shellPath = /bin/sh;
			shellScript = "diff \"${PODS_PODFILE_DIR_PATH}/Podfile.lock\" \"${PODS_ROOT}/Manifest.lock\" > /dev/null\nif [ $? != 0 ] ; then\n    # print error to STDERR\n    echo \"error: The sandbox is not in sync with the Podfile.lock. Run 'pod install' or update your CocoaPods installation.\" >&2\n    exit 1\nfi\n# This output is used by Xcode 'outputs' to avoid re-running this script phase.\necho \"SUCCESS\" > \"${SCRIPT_OUTPUT_FILE_0}\"\n";
			showEnvVarsInLog = 0;
		};
		AC87BEB11B515278F17D1CEB /* [CP] Embed Pods Frameworks */ = {
			isa = PBXShellScriptBuildPhase;
			buildActionMask = 2147483647;
			files = (
			);
			inputPaths = (
				"${SRCROOT}/Pods/Target Support Files/Pods-Movies-MoviesUnitTests/Pods-Movies-MoviesUnitTests-frameworks.sh",
				"${BUILT_PRODUCTS_DIR}/iOSSnapshotTestCase/FBSnapshotTestCase.framework",
			);
			name = "[CP] Embed Pods Frameworks";
			outputPaths = (
				"${TARGET_BUILD_DIR}/${FRAMEWORKS_FOLDER_PATH}/FBSnapshotTestCase.framework",
			);
			runOnlyForDeploymentPostprocessing = 0;
			shellPath = /bin/sh;
			shellScript = "\"${SRCROOT}/Pods/Target Support Files/Pods-Movies-MoviesUnitTests/Pods-Movies-MoviesUnitTests-frameworks.sh\"\n";
			showEnvVarsInLog = 0;
		};
		FDADD766BB7CA6DB973B6C49 /* [CP] Check Pods Manifest.lock */ = {
			isa = PBXShellScriptBuildPhase;
			buildActionMask = 2147483647;
			files = (
			);
			inputPaths = (
				"${PODS_PODFILE_DIR_PATH}/Podfile.lock",
				"${PODS_ROOT}/Manifest.lock",
			);
			name = "[CP] Check Pods Manifest.lock";
			outputPaths = (
				"$(DERIVED_FILE_DIR)/Pods-Movies-checkManifestLockResult.txt",
			);
			runOnlyForDeploymentPostprocessing = 0;
			shellPath = /bin/sh;
			shellScript = "diff \"${PODS_PODFILE_DIR_PATH}/Podfile.lock\" \"${PODS_ROOT}/Manifest.lock\" > /dev/null\nif [ $? != 0 ] ; then\n    # print error to STDERR\n    echo \"error: The sandbox is not in sync with the Podfile.lock. Run 'pod install' or update your CocoaPods installation.\" >&2\n    exit 1\nfi\n# This output is used by Xcode 'outputs' to avoid re-running this script phase.\necho \"SUCCESS\" > \"${SCRIPT_OUTPUT_FILE_0}\"\n";
			showEnvVarsInLog = 0;
		};
/* End PBXShellScriptBuildPhase section */

/* Begin PBXSourcesBuildPhase section */
		5E1893D821A3839000184ED6 /* Sources */ = {
			isa = PBXSourcesBuildPhase;
			buildActionMask = 2147483647;
			files = (
				5E1893E721A383CF00184ED6 /* CoreDataUnitTests.swift in Sources */,
				5E1893E921A388D600184ED6 /* TraillerServiceUnitTests.swift in Sources */,
				5E1893FD21A8B1FE00184ED6 /* MoviesSnapshotUnitTests.swift in Sources */,
			);
			runOnlyForDeploymentPostprocessing = 0;
		};
		5E1893FE21A8B3A900184ED6 /* Sources */ = {
			isa = PBXSourcesBuildPhase;
			buildActionMask = 2147483647;
			files = (
				5E18940521A8B3A900184ED6 /* MoviesUITests.swift in Sources */,
			);
			runOnlyForDeploymentPostprocessing = 0;
		};
		5E254053218F2CF3008A14B6 /* Sources */ = {
			isa = PBXSourcesBuildPhase;
			buildActionMask = 2147483647;
			files = (
				5EF574B6219DC4B500F0F190 /* UIViewController+CoreData.swift in Sources */,
				5E1893D721A37D8F00184ED6 /* Strings.swift in Sources */,
				5E254077218F3176008A14B6 /* MoviesTableViewController.swift in Sources */,
				5E772C6A21B73C2400F928E7 /* MovieDetailModels.swift in Sources */,
				5EF574B8219DC4D400F0F190 /* String+Trim.swift in Sources */,
				5E1893C821A3292600184ED6 /* DataCell.swift in Sources */,
				5EEACA83219F9EA4003218ED /* ItunesApiResponse.swift in Sources */,
				5E946EAE21BDDDAB007C604C /* RegisterEditInteractor.swift in Sources */,
				5EEACA79219F8F9E003218ED /* MovieFile.swift in Sources */,
				5E772C5C21B71C5500F928E7 /* MoviesListPresenter.swift in Sources */,
				5EEACA73219F7893003218ED /* UserSettingsManager.swift in Sources */,
				5E1893C521A2C83600184ED6 /* CategoriesCoreDataProvider.swift in Sources */,
				5E946EAB21BDDD8F007C604C /* SettingsPresenter.swift in Sources */,
				5E254075218F3136008A14B6 /* MoviesPromoTableViewCell.swift in Sources */,
				5E25407B218F3458008A14B6 /* MovieItemCollectionViewCell.swift in Sources */,
				5E25408F218FB791008A14B6 /* CustomView.swift in Sources */,
				5EEACA89219FB32E003218ED /* UIViewController+Settings.swift in Sources */,
				5E946EB021BDDDB5007C604C /* RegisterEditPresenter.swift in Sources */,
				5EEACA7F219F9906003218ED /* TrailerService.swift in Sources */,
				5E25405D218F2CF3008A14B6 /* MovieDetailViewController.swift in Sources */,
				5EEACA81219F99C0003218ED /* Network.swift in Sources */,
				5E772C5821B71C3F00F928E7 /* MoviesListInteractor.swift in Sources */,
				5E25405B218F2CF3008A14B6 /* AppDelegate.swift in Sources */,
				5E18940F21A8BB2400184ED6 /* AppStyle.swift in Sources */,
				5E1893C321A2BAC600184ED6 /* MoviesCoreDataProvider.swift in Sources */,
				5E1893EB21A4A8C200184ED6 /* NotificationManager.swift in Sources */,
				5E254089218F745C008A14B6 /* DataProvider.swift in Sources */,
				5EF574BC219DC57E00F0F190 /* Movie+Properties.swift in Sources */,
				5EF574BA219DC4F200F0F190 /* Movie+Image.swift in Sources */,
				5EF574C4219E4D6E00F0F190 /* UIViewController+DefaultColor.swift in Sources */,
				5EF574BE219E0A3000F0F190 /* MovieCategoryCollectionViewCell.swift in Sources */,
				5EEACA85219FA0FD003218ED /* UIViewController+Alert.swift in Sources */,
				5E25408D218F85CC008A14B6 /* RatingView.swift in Sources */,
				5E254082218F72D4008A14B6 /* CoreDataManager.swift in Sources */,
				5E18940D21A8BB1700184ED6 /* CodeView.swift in Sources */,
				5EEACA87219FA68C003218ED /* UIImage+Resize.swift in Sources */,
				5E1A293A21C1C55A00791A59 /* HTTPMethod.swift in Sources */,
				5E772C6421B73C0200F928E7 /* MovieDetailInteractor.swift in Sources */,
				5EEACA75219F846E003218ED /* UserSettingsViewController.swift in Sources */,
				5E946EB221BDDE22007C604C /* RegisterEditModels.swift in Sources */,
				5EEACA77219F8F92003218ED /* MoviesFileDataProvider.swift in Sources */,
				5E1A293D21C1D43200791A59 /* RegisterEditRouter.swift in Sources */,
				5E772C5A21B71C4900F928E7 /* MoviesListRouter.swift in Sources */,
				5E772C6821B73C0F00F928E7 /* MovieDetailRouter.swift in Sources */,
				5E254080218F71E3008A14B6 /* Movies.xcdatamodeld in Sources */,
				5EC4231521925AD900913A49 /* RegisterEditMovieViewController.swift in Sources */,
				5EF574C2219E33FE00F0F190 /* Date+Formatter.swift in Sources */,
				5E254070218F30FA008A14B6 /* MovieTableViewCell.swift in Sources */,
				5E772C6621B73C0800F928E7 /* MovieDetailPresenter.swift in Sources */,
				5E1893ED21A4B2D300184ED6 /* CategoriesDataSource.swift in Sources */,
				5E772C6021B71EB600F928E7 /* MoviesListModels.swift in Sources */,
				5E1A293821C1C45900791A59 /* ServiceAPI.swift in Sources */,
				5E18941121A8BB2900184ED6 /* SettingsView.swift in Sources */,
				5E946EA921BDDD89007C604C /* SettingsInteractor.swift in Sources */,
			);
			runOnlyForDeploymentPostprocessing = 0;
		};
/* End PBXSourcesBuildPhase section */

/* Begin PBXTargetDependency section */
		5E1893E221A3839000184ED6 /* PBXTargetDependency */ = {
			isa = PBXTargetDependency;
			target = 5E254056218F2CF3008A14B6 /* Movies */;
			targetProxy = 5E1893E121A3839000184ED6 /* PBXContainerItemProxy */;
		};
		5E18940821A8B3A900184ED6 /* PBXTargetDependency */ = {
			isa = PBXTargetDependency;
			target = 5E254056218F2CF3008A14B6 /* Movies */;
			targetProxy = 5E18940721A8B3A900184ED6 /* PBXContainerItemProxy */;
		};
/* End PBXTargetDependency section */

/* Begin PBXVariantGroup section */
		5E1893CF21A379C700184ED6 /* Localizable.strings */ = {
			isa = PBXVariantGroup;
			children = (
				5E1893CE21A379C700184ED6 /* pt-BR */,
				5E1893D021A379D300184ED6 /* en */,
			);
			name = Localizable.strings;
			sourceTree = "<group>";
		};
		5E25405E218F2CF3008A14B6 /* Main.storyboard */ = {
			isa = PBXVariantGroup;
			children = (
				5E25405F218F2CF3008A14B6 /* Base */,
				5E1893C921A376EA00184ED6 /* pt-BR */,
			);
			name = Main.storyboard;
			sourceTree = "<group>";
		};
		5E254063218F2CF4008A14B6 /* LaunchScreen.storyboard */ = {
			isa = PBXVariantGroup;
			children = (
				5E254064218F2CF4008A14B6 /* Base */,
				5E1893CA21A376EA00184ED6 /* pt-BR */,
			);
			name = LaunchScreen.storyboard;
			sourceTree = "<group>";
		};
/* End PBXVariantGroup section */

/* Begin XCBuildConfiguration section */
		5E1893E421A3839000184ED6 /* Debug */ = {
			isa = XCBuildConfiguration;
			baseConfigurationReference = 42637FB0940EA4B12472ED05 /* Pods-Movies-MoviesUnitTests.debug.xcconfig */;
			buildSettings = {
				BUNDLE_LOADER = "$(TEST_HOST)";
				CODE_SIGN_STYLE = Automatic;
				DEVELOPMENT_TEAM = YRTZUYMLE3;
				INFOPLIST_FILE = MoviesUnitTests/Info.plist;
				LD_RUNPATH_SEARCH_PATHS = (
					"$(inherited)",
					"@executable_path/Frameworks",
					"@loader_path/Frameworks",
				);
				PRODUCT_BUNDLE_IDENTIFIER = br.com.morbachrodrigo.MoviesUnitTests;
				PRODUCT_NAME = "$(TARGET_NAME)";
				SWIFT_VERSION = 4.2;
				TARGETED_DEVICE_FAMILY = "1,2";
				TEST_HOST = "$(BUILT_PRODUCTS_DIR)/Movies.app/Movies";
			};
			name = Debug;
		};
		5E1893E521A3839000184ED6 /* Release */ = {
			isa = XCBuildConfiguration;
			baseConfigurationReference = 3899B8A9A4F63F81F2C89E3A /* Pods-Movies-MoviesUnitTests.release.xcconfig */;
			buildSettings = {
				BUNDLE_LOADER = "$(TEST_HOST)";
				CODE_SIGN_STYLE = Automatic;
				DEVELOPMENT_TEAM = YRTZUYMLE3;
				INFOPLIST_FILE = MoviesUnitTests/Info.plist;
				LD_RUNPATH_SEARCH_PATHS = (
					"$(inherited)",
					"@executable_path/Frameworks",
					"@loader_path/Frameworks",
				);
				PRODUCT_BUNDLE_IDENTIFIER = br.com.morbachrodrigo.MoviesUnitTests;
				PRODUCT_NAME = "$(TARGET_NAME)";
				SWIFT_VERSION = 4.2;
				TARGETED_DEVICE_FAMILY = "1,2";
				TEST_HOST = "$(BUILT_PRODUCTS_DIR)/Movies.app/Movies";
			};
			name = Release;
		};
		5E18940921A8B3A900184ED6 /* Debug */ = {
			isa = XCBuildConfiguration;
			buildSettings = {
				CODE_SIGN_STYLE = Automatic;
				DEVELOPMENT_TEAM = YRTZUYMLE3;
				INFOPLIST_FILE = MoviesUITests/Info.plist;
				LD_RUNPATH_SEARCH_PATHS = (
					"$(inherited)",
					"@executable_path/Frameworks",
					"@loader_path/Frameworks",
				);
				PRODUCT_BUNDLE_IDENTIFIER = br.com.morbachrodrigo.MoviesUITests;
				PRODUCT_NAME = "$(TARGET_NAME)";
				SWIFT_VERSION = 4.2;
				TARGETED_DEVICE_FAMILY = "1,2";
				TEST_TARGET_NAME = Movies;
			};
			name = Debug;
		};
		5E18940A21A8B3A900184ED6 /* Release */ = {
			isa = XCBuildConfiguration;
			buildSettings = {
				CODE_SIGN_STYLE = Automatic;
				DEVELOPMENT_TEAM = YRTZUYMLE3;
				INFOPLIST_FILE = MoviesUITests/Info.plist;
				LD_RUNPATH_SEARCH_PATHS = (
					"$(inherited)",
					"@executable_path/Frameworks",
					"@loader_path/Frameworks",
				);
				PRODUCT_BUNDLE_IDENTIFIER = br.com.morbachrodrigo.MoviesUITests;
				PRODUCT_NAME = "$(TARGET_NAME)";
				SWIFT_VERSION = 4.2;
				TARGETED_DEVICE_FAMILY = "1,2";
				TEST_TARGET_NAME = Movies;
			};
			name = Release;
		};
		5E254067218F2CF4008A14B6 /* Debug */ = {
			isa = XCBuildConfiguration;
			buildSettings = {
				ALWAYS_SEARCH_USER_PATHS = NO;
				CLANG_ANALYZER_LOCALIZABILITY_NONLOCALIZED = YES;
				CLANG_ANALYZER_NONNULL = YES;
				CLANG_ANALYZER_NUMBER_OBJECT_CONVERSION = YES_AGGRESSIVE;
				CLANG_CXX_LANGUAGE_STANDARD = "gnu++14";
				CLANG_CXX_LIBRARY = "libc++";
				CLANG_ENABLE_MODULES = YES;
				CLANG_ENABLE_OBJC_ARC = YES;
				CLANG_ENABLE_OBJC_WEAK = YES;
				CLANG_WARN_BLOCK_CAPTURE_AUTORELEASING = YES;
				CLANG_WARN_BOOL_CONVERSION = YES;
				CLANG_WARN_COMMA = YES;
				CLANG_WARN_CONSTANT_CONVERSION = YES;
				CLANG_WARN_DEPRECATED_OBJC_IMPLEMENTATIONS = YES;
				CLANG_WARN_DIRECT_OBJC_ISA_USAGE = YES_ERROR;
				CLANG_WARN_DOCUMENTATION_COMMENTS = YES;
				CLANG_WARN_EMPTY_BODY = YES;
				CLANG_WARN_ENUM_CONVERSION = YES;
				CLANG_WARN_INFINITE_RECURSION = YES;
				CLANG_WARN_INT_CONVERSION = YES;
				CLANG_WARN_NON_LITERAL_NULL_CONVERSION = YES;
				CLANG_WARN_OBJC_IMPLICIT_RETAIN_SELF = YES;
				CLANG_WARN_OBJC_LITERAL_CONVERSION = YES;
				CLANG_WARN_OBJC_ROOT_CLASS = YES_ERROR;
				CLANG_WARN_RANGE_LOOP_ANALYSIS = YES;
				CLANG_WARN_STRICT_PROTOTYPES = YES;
				CLANG_WARN_SUSPICIOUS_MOVE = YES;
				CLANG_WARN_UNGUARDED_AVAILABILITY = YES_AGGRESSIVE;
				CLANG_WARN_UNREACHABLE_CODE = YES;
				CLANG_WARN__DUPLICATE_METHOD_MATCH = YES;
				CODE_SIGN_IDENTITY = "iPhone Developer";
				COPY_PHASE_STRIP = NO;
				DEBUG_INFORMATION_FORMAT = dwarf;
				ENABLE_STRICT_OBJC_MSGSEND = YES;
				ENABLE_TESTABILITY = YES;
				GCC_C_LANGUAGE_STANDARD = gnu11;
				GCC_DYNAMIC_NO_PIC = NO;
				GCC_NO_COMMON_BLOCKS = YES;
				GCC_OPTIMIZATION_LEVEL = 0;
				GCC_PREPROCESSOR_DEFINITIONS = (
					"DEBUG=1",
					"$(inherited)",
				);
				GCC_WARN_64_TO_32_BIT_CONVERSION = YES;
				GCC_WARN_ABOUT_RETURN_TYPE = YES_ERROR;
				GCC_WARN_UNDECLARED_SELECTOR = YES;
				GCC_WARN_UNINITIALIZED_AUTOS = YES_AGGRESSIVE;
				GCC_WARN_UNUSED_FUNCTION = YES;
				GCC_WARN_UNUSED_VARIABLE = YES;
				IPHONEOS_DEPLOYMENT_TARGET = 12.1;
				MTL_ENABLE_DEBUG_INFO = INCLUDE_SOURCE;
				MTL_FAST_MATH = YES;
				ONLY_ACTIVE_ARCH = YES;
				SDKROOT = iphoneos;
				SWIFT_ACTIVE_COMPILATION_CONDITIONS = DEBUG;
				SWIFT_OPTIMIZATION_LEVEL = "-Onone";
			};
			name = Debug;
		};
		5E254068218F2CF4008A14B6 /* Release */ = {
			isa = XCBuildConfiguration;
			buildSettings = {
				ALWAYS_SEARCH_USER_PATHS = NO;
				CLANG_ANALYZER_LOCALIZABILITY_NONLOCALIZED = YES;
				CLANG_ANALYZER_NONNULL = YES;
				CLANG_ANALYZER_NUMBER_OBJECT_CONVERSION = YES_AGGRESSIVE;
				CLANG_CXX_LANGUAGE_STANDARD = "gnu++14";
				CLANG_CXX_LIBRARY = "libc++";
				CLANG_ENABLE_MODULES = YES;
				CLANG_ENABLE_OBJC_ARC = YES;
				CLANG_ENABLE_OBJC_WEAK = YES;
				CLANG_WARN_BLOCK_CAPTURE_AUTORELEASING = YES;
				CLANG_WARN_BOOL_CONVERSION = YES;
				CLANG_WARN_COMMA = YES;
				CLANG_WARN_CONSTANT_CONVERSION = YES;
				CLANG_WARN_DEPRECATED_OBJC_IMPLEMENTATIONS = YES;
				CLANG_WARN_DIRECT_OBJC_ISA_USAGE = YES_ERROR;
				CLANG_WARN_DOCUMENTATION_COMMENTS = YES;
				CLANG_WARN_EMPTY_BODY = YES;
				CLANG_WARN_ENUM_CONVERSION = YES;
				CLANG_WARN_INFINITE_RECURSION = YES;
				CLANG_WARN_INT_CONVERSION = YES;
				CLANG_WARN_NON_LITERAL_NULL_CONVERSION = YES;
				CLANG_WARN_OBJC_IMPLICIT_RETAIN_SELF = YES;
				CLANG_WARN_OBJC_LITERAL_CONVERSION = YES;
				CLANG_WARN_OBJC_ROOT_CLASS = YES_ERROR;
				CLANG_WARN_RANGE_LOOP_ANALYSIS = YES;
				CLANG_WARN_STRICT_PROTOTYPES = YES;
				CLANG_WARN_SUSPICIOUS_MOVE = YES;
				CLANG_WARN_UNGUARDED_AVAILABILITY = YES_AGGRESSIVE;
				CLANG_WARN_UNREACHABLE_CODE = YES;
				CLANG_WARN__DUPLICATE_METHOD_MATCH = YES;
				CODE_SIGN_IDENTITY = "iPhone Developer";
				COPY_PHASE_STRIP = NO;
				DEBUG_INFORMATION_FORMAT = "dwarf-with-dsym";
				ENABLE_NS_ASSERTIONS = NO;
				ENABLE_STRICT_OBJC_MSGSEND = YES;
				GCC_C_LANGUAGE_STANDARD = gnu11;
				GCC_NO_COMMON_BLOCKS = YES;
				GCC_WARN_64_TO_32_BIT_CONVERSION = YES;
				GCC_WARN_ABOUT_RETURN_TYPE = YES_ERROR;
				GCC_WARN_UNDECLARED_SELECTOR = YES;
				GCC_WARN_UNINITIALIZED_AUTOS = YES_AGGRESSIVE;
				GCC_WARN_UNUSED_FUNCTION = YES;
				GCC_WARN_UNUSED_VARIABLE = YES;
				IPHONEOS_DEPLOYMENT_TARGET = 12.1;
				MTL_ENABLE_DEBUG_INFO = NO;
				MTL_FAST_MATH = YES;
				SDKROOT = iphoneos;
				SWIFT_COMPILATION_MODE = wholemodule;
				SWIFT_OPTIMIZATION_LEVEL = "-O";
				VALIDATE_PRODUCT = YES;
			};
			name = Release;
		};
		5E25406A218F2CF4008A14B6 /* Debug */ = {
			isa = XCBuildConfiguration;
			baseConfigurationReference = F4C9B4D184B86925AE9D377A /* Pods-Movies.debug.xcconfig */;
			buildSettings = {
				ASSETCATALOG_COMPILER_APPICON_NAME = AppIcon;
				CODE_SIGN_STYLE = Automatic;
				DEVELOPMENT_TEAM = YRTZUYMLE3;
				INFOPLIST_FILE = "$(SRCROOT)/Movies/Resources/Info.plist";
				IPHONEOS_DEPLOYMENT_TARGET = 12.0;
				LD_RUNPATH_SEARCH_PATHS = (
					"$(inherited)",
					"@executable_path/Frameworks",
				);
				PRODUCT_BUNDLE_IDENTIFIER = br.com.morbachrodrigo.Movies;
				PRODUCT_NAME = "$(TARGET_NAME)";
				SWIFT_VERSION = 4.2;
				TARGETED_DEVICE_FAMILY = "1,2";
			};
			name = Debug;
		};
		5E25406B218F2CF4008A14B6 /* Release */ = {
			isa = XCBuildConfiguration;
			baseConfigurationReference = 5434FE53EB52606B60B0E246 /* Pods-Movies.release.xcconfig */;
			buildSettings = {
				ASSETCATALOG_COMPILER_APPICON_NAME = AppIcon;
				CODE_SIGN_STYLE = Automatic;
				DEVELOPMENT_TEAM = YRTZUYMLE3;
				INFOPLIST_FILE = "$(SRCROOT)/Movies/Resources/Info.plist";
				IPHONEOS_DEPLOYMENT_TARGET = 12.0;
				LD_RUNPATH_SEARCH_PATHS = (
					"$(inherited)",
					"@executable_path/Frameworks",
				);
				PRODUCT_BUNDLE_IDENTIFIER = br.com.morbachrodrigo.Movies;
				PRODUCT_NAME = "$(TARGET_NAME)";
				SWIFT_VERSION = 4.2;
				TARGETED_DEVICE_FAMILY = "1,2";
			};
			name = Release;
		};
/* End XCBuildConfiguration section */

/* Begin XCConfigurationList section */
		5E1893E321A3839000184ED6 /* Build configuration list for PBXNativeTarget "MoviesUnitTests" */ = {
			isa = XCConfigurationList;
			buildConfigurations = (
				5E1893E421A3839000184ED6 /* Debug */,
				5E1893E521A3839000184ED6 /* Release */,
			);
			defaultConfigurationIsVisible = 0;
			defaultConfigurationName = Release;
		};
		5E18940B21A8B3A900184ED6 /* Build configuration list for PBXNativeTarget "MoviesUITests" */ = {
			isa = XCConfigurationList;
			buildConfigurations = (
				5E18940921A8B3A900184ED6 /* Debug */,
				5E18940A21A8B3A900184ED6 /* Release */,
			);
			defaultConfigurationIsVisible = 0;
			defaultConfigurationName = Release;
		};
		5E254052218F2CF3008A14B6 /* Build configuration list for PBXProject "Movies" */ = {
			isa = XCConfigurationList;
			buildConfigurations = (
				5E254067218F2CF4008A14B6 /* Debug */,
				5E254068218F2CF4008A14B6 /* Release */,
			);
			defaultConfigurationIsVisible = 0;
			defaultConfigurationName = Release;
		};
		5E254069218F2CF4008A14B6 /* Build configuration list for PBXNativeTarget "Movies" */ = {
			isa = XCConfigurationList;
			buildConfigurations = (
				5E25406A218F2CF4008A14B6 /* Debug */,
				5E25406B218F2CF4008A14B6 /* Release */,
			);
			defaultConfigurationIsVisible = 0;
			defaultConfigurationName = Release;
		};
/* End XCConfigurationList section */

/* Begin XCVersionGroup section */
		5E25407E218F71E3008A14B6 /* Movies.xcdatamodeld */ = {
			isa = XCVersionGroup;
			children = (
				5E25407F218F71E3008A14B6 /* Movies.xcdatamodel */,
			);
			currentVersion = 5E25407F218F71E3008A14B6 /* Movies.xcdatamodel */;
			path = Movies.xcdatamodeld;
			sourceTree = "<group>";
			versionGroupType = wrapper.xcdatamodel;
		};
/* End XCVersionGroup section */
	};
	rootObject = 5E25404F218F2CF3008A14B6 /* Project object */;
}
