PODS:
  - SwiftGen (5.3.0)
  - SwiftLint (0.25.0)

DEPENDENCIES:
  - SwiftGen
  - SwiftLint

SPEC REPOS:
  https://github.com/cocoapods/specs.git:
    - SwiftGen
    - SwiftLint

SPEC CHECKSUMS:
  SwiftGen: 4379bd3640b0a212a0f6ea3c494adba385513d10
  SwiftLint: e14651157288e9e01d6e1a71db7014fb5744a8ea

PODFILE CHECKSUM: eec51cfe5a22fe0ca1236538a5c77a3d097c736d

COCOAPODS: 1.5.3
